
Microsoft Visual Studio Solution File, Format Version 12.00
# Visual Studio 15
VisualStudioVersion = 15.0.28307.271
MinimumVisualStudioVersion = 10.0.40219.1
Project("{FAE04EC0-301F-11D3-BF4B-00C04F79EFBC}") = "Giraffe", "Giraffe\Giraffe.csproj", "{408C8454-D44F-421D-9632-F6550C6DD3C6}"
EndProject
Project("{FAE04EC0-301F-11D3-BF4B-00C04F79EFBC}") = "DataTypes", "DataTypes\DataTypes.csproj", "{682F6799-4967-4965-86C6-B186825A4E7C}"
EndProject
Project("{FAE04EC0-301F-11D3-BF4B-00C04F79EFBC}") = "StringTypes", "StringTypes\StringTypes.csproj", "{C05AB13E-ECE2-4A44-9482-8DC7484EB9D9}"
EndProject
Project("{FAE04EC0-301F-11D3-BF4B-00C04F79EFBC}") = "Numbers", "Numbers\Numbers.csproj", "{268FE792-5681-4F7B-A7B2-467B048ED2CC}"
EndProject
Project("{FAE04EC0-301F-11D3-BF4B-00C04F79EFBC}") = "UserInput", "UserInput\UserInput.csproj", "{EB1B34F1-7D63-4744-A86D-56ADD844906E}"
EndProject
Project("{FAE04EC0-301F-11D3-BF4B-00C04F79EFBC}") = "BasicCalculator", "BasicCalculator\BasicCalculator.csproj", "{3FBCA96F-2746-48A5-825C-9D54C2BDF79A}"
EndProject
Project("{FAE04EC0-301F-11D3-BF4B-00C04F79EFBC}") = "MadLib", "MadLib\MadLib.csproj", "{404FC088-68CB-4B67-AA53-9CD423E89F99}"
EndProject
Project("{FAE04EC0-301F-11D3-BF4B-00C04F79EFBC}") = "Arrays", "Arrays\Arrays.csproj", "{FF0B53B3-732B-4C60-BE62-6335278DC836}"
EndProject
Project("{FAE04EC0-301F-11D3-BF4B-00C04F79EFBC}") = "Methods", "Methods\Methods.csproj", "{8FA224AD-AA58-49A3-9A3D-D4D0FDF3F31E}"
EndProject
Project("{FAE04EC0-301F-11D3-BF4B-00C04F79EFBC}") = "Return Statements", "Return Statements\Return Statements.csproj", "{0353DC18-04A8-475C-82FA-4F1CC3B8465B}"
EndProject
Project("{FAE04EC0-301F-11D3-BF4B-00C04F79EFBC}") = "If Statements", "If Statements\If Statements.csproj", "{552F5395-CA09-406D-A1C2-AAC602E801D8}"
EndProject
Project("{FAE04EC0-301F-11D3-BF4B-00C04F79EFBC}") = "If Statements Continued", "If Statements Continued\If Statements Continued.csproj", "{43E10792-2CE3-4927-80E7-B1C2570ADDFE}"
EndProject
Project("{FAE04EC0-301F-11D3-BF4B-00C04F79EFBC}") = "If Statements Cont1", "If Statements Cont1\If Statements Cont1.csproj", "{55FD5DB6-DBC0-4F68-B63B-9D60E842978E}"
EndProject
Project("{FAE04EC0-301F-11D3-BF4B-00C04F79EFBC}") = "Building a Better Calculator", "Building a Better Calculator\Building a Better Calculator.csproj", "{4B86EB28-CBD2-4166-9C03-8AADF66A4042}"
EndProject
Project("{FAE04EC0-301F-11D3-BF4B-00C04F79EFBC}") = "Switch Statements", "Switch Statements\Switch Statements.csproj", "{F84322AD-F665-42CB-8A37-60E19866AA0B}"
EndProject
Project("{FAE04EC0-301F-11D3-BF4B-00C04F79EFBC}") = "While Loops", "While Loops\While Loops.csproj", "{47C827EC-1176-4384-B36B-FFE52D6423C3}"
EndProject
Project("{FAE04EC0-301F-11D3-BF4B-00C04F79EFBC}") = "Guessing Game", "Guessing Game\Guessing Game.csproj", "{110D06F7-4810-44C5-A7AB-D2573E2183A3}"
EndProject
Project("{FAE04EC0-301F-11D3-BF4B-00C04F79EFBC}") = "Do While Loop", "Do While Loop\Do While Loop.csproj", "{6ADDF81D-7665-4439-A91E-DA30E6C4F4A8}"
EndProject
Project("{FAE04EC0-301F-11D3-BF4B-00C04F79EFBC}") = "For Loops", "For Loops\For Loops.csproj", "{CFBCC50F-4CA3-43BF-B6A2-569A7A8E0201}"
EndProject
Project("{FAE04EC0-301F-11D3-BF4B-00C04F79EFBC}") = "For Loops Cont", "For Loops Cont\For Loops Cont.csproj", "{5FF9C935-C410-493D-84EE-A7B5F7E87E33}"
EndProject
Project("{FAE04EC0-301F-11D3-BF4B-00C04F79EFBC}") = "Building an Exponent Method", "Building an Exponent Method\Building an Exponent Method.csproj", "{385CF2FD-218D-43B7-B843-61C17EF6B1F9}"
EndProject
Project("{FAE04EC0-301F-11D3-BF4B-00C04F79EFBC}") = "2d Array", "2d Array\2d Array.csproj", "{E0CA1696-7B14-4CCF-9DC5-FEB2D175D4C5}"
EndProject
Project("{FAE04EC0-301F-11D3-BF4B-00C04F79EFBC}") = "Handle Exceptions", "Handle Exceptions\Handle Exceptions.csproj", "{B34232B5-BE76-4A54-BB85-8F34180453E9}"
EndProject
Project("{FAE04EC0-301F-11D3-BF4B-00C04F79EFBC}") = "Classes and Objects", "Classes and Objects\Classes and Objects.csproj", "{6D4B708F-AAC9-4F5F-8E7C-AA328468A9DE}"
EndProject
Project("{FAE04EC0-301F-11D3-BF4B-00C04F79EFBC}") = "Constructors", "Constructors\Constructors.csproj", "{EEF8B516-D744-49FC-896B-90EB4C7A917D}"
EndProject
Project("{FAE04EC0-301F-11D3-BF4B-00C04F79EFBC}") = "Object Methods", "Object Methods\Object Methods.csproj", "{49F20103-9CA9-4D55-86E1-9462C98283CA}"
EndProject
Project("{FAE04EC0-301F-11D3-BF4B-00C04F79EFBC}") = "Getters and Setters", "Getters and Setters\Getters and Setters.csproj", "{6C4116B0-222F-40FA-8A85-C34541789F34}"
EndProject
Project("{FAE04EC0-301F-11D3-BF4B-00C04F79EFBC}") = "Static Class Attributes", "Static Class Attributes\Static Class Attributes.csproj", "{CF56DE1B-2027-41A3-A575-5389FBAC37E8}"
EndProject
Project("{FAE04EC0-301F-11D3-BF4B-00C04F79EFBC}") = "Static Methods and Classes", "Static Methods and Classes\Static Methods and Classes.csproj", "{AA4498CA-3B78-44E2-AB08-4021FFC56E0B}"
EndProject
Project("{FAE04EC0-301F-11D3-BF4B-00C04F79EFBC}") = "Inheritance", "Inheritance\Inheritance.csproj", "{ADBB62B7-1896-45EC-8AE5-0FBAC819237C}"
EndProject
Project("{FAE04EC0-301F-11D3-BF4B-00C04F79EFBC}") = "FizzBuzz", "FizzBuzz\FizzBuzz.csproj", "{1D6593DC-2912-44CB-AF66-611CFBE877B2}"
EndProject
Project("{FAE04EC0-301F-11D3-BF4B-00C04F79EFBC}") = "FizzBuzz1", "FizzBuzz1\FizzBuzz1.csproj", "{18608111-38A7-4998-BBA7-E4065133A6E8}"
EndProject
Project("{FAE04EC0-301F-11D3-BF4B-00C04F79EFBC}") = "Reversing a String", "Reversing a String\Reversing a String.csproj", "{1002C7AC-714E-45F6-9324-ACD367994BED}"
EndProject
Project("{FAE04EC0-301F-11D3-BF4B-00C04F79EFBC}") = "DisplayPrimeNumbers", "DisplayPrimeNumbers\DisplayPrimeNumbers.csproj", "{0CD79264-AB2C-4262-96BC-ACA712DA75E3}"
EndProject
Project("{FAE04EC0-301F-11D3-BF4B-00C04F79EFBC}") = "ReverseNumber", "ReverseNumber\ReverseNumber.csproj", "{47B43906-8DAA-46A4-829F-E85B206CE64B}"
EndProject
Project("{FAE04EC0-301F-11D3-BF4B-00C04F79EFBC}") = "StringLength", "StringLength\StringLength.csproj", "{D4214241-5508-4F8B-87C3-F5A19721D091}"
EndProject
Project("{FAE04EC0-301F-11D3-BF4B-00C04F79EFBC}") = "BabuleSort", "BabuleSort\BabuleSort.csproj", "{CA536BCD-DC3C-4C22-BEDF-0E63C780EE4A}"
EndProject
Project("{FAE04EC0-301F-11D3-BF4B-00C04F79EFBC}") = "FactorialLogic", "FactorialLogic\FactorialLogic.csproj", "{F216C3FA-7EA1-4740-8F18-39EF9367BDA2}"
EndProject
Project("{FAE04EC0-301F-11D3-BF4B-00C04F79EFBC}") = "Fibonacci Series", "Fibonacci Series\Fibonacci Series.csproj", "{52ACC195-BF43-4ACD-95F7-7F5CF2A4D743}"
EndProject
Project("{FAE04EC0-301F-11D3-BF4B-00C04F79EFBC}") = "SwapNumbers", "SwapNumbers\SwapNumbers.csproj", "{4CDCCD69-EBA0-4EFE-AB09-9A31ABB485F0}"
EndProject
Global
	GlobalSection(SolutionConfigurationPlatforms) = preSolution
		Debug|Any CPU = Debug|Any CPU
		Debug|ARM = Debug|ARM
		Debug|ARM64 = Debug|ARM64
		Debug|x64 = Debug|x64
		Debug|x86 = Debug|x86
		Release|Any CPU = Release|Any CPU
		Release|ARM = Release|ARM
		Release|ARM64 = Release|ARM64
		Release|x64 = Release|x64
		Release|x86 = Release|x86
	EndGlobalSection
	GlobalSection(ProjectConfigurationPlatforms) = postSolution
		{408C8454-D44F-421D-9632-F6550C6DD3C6}.Debug|Any CPU.ActiveCfg = Debug|Any CPU
		{408C8454-D44F-421D-9632-F6550C6DD3C6}.Debug|Any CPU.Build.0 = Debug|Any CPU
		{408C8454-D44F-421D-9632-F6550C6DD3C6}.Debug|ARM.ActiveCfg = Debug|Any CPU
		{408C8454-D44F-421D-9632-F6550C6DD3C6}.Debug|ARM.Build.0 = Debug|Any CPU
		{408C8454-D44F-421D-9632-F6550C6DD3C6}.Debug|ARM64.ActiveCfg = Debug|Any CPU
		{408C8454-D44F-421D-9632-F6550C6DD3C6}.Debug|ARM64.Build.0 = Debug|Any CPU
		{408C8454-D44F-421D-9632-F6550C6DD3C6}.Debug|x64.ActiveCfg = Debug|Any CPU
		{408C8454-D44F-421D-9632-F6550C6DD3C6}.Debug|x64.Build.0 = Debug|Any CPU
		{408C8454-D44F-421D-9632-F6550C6DD3C6}.Debug|x86.ActiveCfg = Debug|Any CPU
		{408C8454-D44F-421D-9632-F6550C6DD3C6}.Debug|x86.Build.0 = Debug|Any CPU
		{408C8454-D44F-421D-9632-F6550C6DD3C6}.Release|Any CPU.ActiveCfg = Release|Any CPU
		{408C8454-D44F-421D-9632-F6550C6DD3C6}.Release|Any CPU.Build.0 = Release|Any CPU
		{408C8454-D44F-421D-9632-F6550C6DD3C6}.Release|ARM.ActiveCfg = Release|Any CPU
		{408C8454-D44F-421D-9632-F6550C6DD3C6}.Release|ARM.Build.0 = Release|Any CPU
		{408C8454-D44F-421D-9632-F6550C6DD3C6}.Release|ARM64.ActiveCfg = Release|Any CPU
		{408C8454-D44F-421D-9632-F6550C6DD3C6}.Release|ARM64.Build.0 = Release|Any CPU
		{408C8454-D44F-421D-9632-F6550C6DD3C6}.Release|x64.ActiveCfg = Release|Any CPU
		{408C8454-D44F-421D-9632-F6550C6DD3C6}.Release|x64.Build.0 = Release|Any CPU
		{408C8454-D44F-421D-9632-F6550C6DD3C6}.Release|x86.ActiveCfg = Release|Any CPU
		{408C8454-D44F-421D-9632-F6550C6DD3C6}.Release|x86.Build.0 = Release|Any CPU
		{682F6799-4967-4965-86C6-B186825A4E7C}.Debug|Any CPU.ActiveCfg = Debug|Any CPU
		{682F6799-4967-4965-86C6-B186825A4E7C}.Debug|Any CPU.Build.0 = Debug|Any CPU
		{682F6799-4967-4965-86C6-B186825A4E7C}.Debug|ARM.ActiveCfg = Debug|Any CPU
		{682F6799-4967-4965-86C6-B186825A4E7C}.Debug|ARM.Build.0 = Debug|Any CPU
		{682F6799-4967-4965-86C6-B186825A4E7C}.Debug|ARM64.ActiveCfg = Debug|Any CPU
		{682F6799-4967-4965-86C6-B186825A4E7C}.Debug|ARM64.Build.0 = Debug|Any CPU
		{682F6799-4967-4965-86C6-B186825A4E7C}.Debug|x64.ActiveCfg = Debug|Any CPU
		{682F6799-4967-4965-86C6-B186825A4E7C}.Debug|x64.Build.0 = Debug|Any CPU
		{682F6799-4967-4965-86C6-B186825A4E7C}.Debug|x86.ActiveCfg = Debug|Any CPU
		{682F6799-4967-4965-86C6-B186825A4E7C}.Debug|x86.Build.0 = Debug|Any CPU
		{682F6799-4967-4965-86C6-B186825A4E7C}.Release|Any CPU.ActiveCfg = Release|Any CPU
		{682F6799-4967-4965-86C6-B186825A4E7C}.Release|Any CPU.Build.0 = Release|Any CPU
		{682F6799-4967-4965-86C6-B186825A4E7C}.Release|ARM.ActiveCfg = Release|Any CPU
		{682F6799-4967-4965-86C6-B186825A4E7C}.Release|ARM.Build.0 = Release|Any CPU
		{682F6799-4967-4965-86C6-B186825A4E7C}.Release|ARM64.ActiveCfg = Release|Any CPU
		{682F6799-4967-4965-86C6-B186825A4E7C}.Release|ARM64.Build.0 = Release|Any CPU
		{682F6799-4967-4965-86C6-B186825A4E7C}.Release|x64.ActiveCfg = Release|Any CPU
		{682F6799-4967-4965-86C6-B186825A4E7C}.Release|x64.Build.0 = Release|Any CPU
		{682F6799-4967-4965-86C6-B186825A4E7C}.Release|x86.ActiveCfg = Release|Any CPU
		{682F6799-4967-4965-86C6-B186825A4E7C}.Release|x86.Build.0 = Release|Any CPU
		{C05AB13E-ECE2-4A44-9482-8DC7484EB9D9}.Debug|Any CPU.ActiveCfg = Debug|Any CPU
		{C05AB13E-ECE2-4A44-9482-8DC7484EB9D9}.Debug|Any CPU.Build.0 = Debug|Any CPU
		{C05AB13E-ECE2-4A44-9482-8DC7484EB9D9}.Debug|ARM.ActiveCfg = Debug|Any CPU
		{C05AB13E-ECE2-4A44-9482-8DC7484EB9D9}.Debug|ARM.Build.0 = Debug|Any CPU
		{C05AB13E-ECE2-4A44-9482-8DC7484EB9D9}.Debug|ARM64.ActiveCfg = Debug|Any CPU
		{C05AB13E-ECE2-4A44-9482-8DC7484EB9D9}.Debug|ARM64.Build.0 = Debug|Any CPU
		{C05AB13E-ECE2-4A44-9482-8DC7484EB9D9}.Debug|x64.ActiveCfg = Debug|Any CPU
		{C05AB13E-ECE2-4A44-9482-8DC7484EB9D9}.Debug|x64.Build.0 = Debug|Any CPU
		{C05AB13E-ECE2-4A44-9482-8DC7484EB9D9}.Debug|x86.ActiveCfg = Debug|Any CPU
		{C05AB13E-ECE2-4A44-9482-8DC7484EB9D9}.Debug|x86.Build.0 = Debug|Any CPU
		{C05AB13E-ECE2-4A44-9482-8DC7484EB9D9}.Release|Any CPU.ActiveCfg = Release|Any CPU
		{C05AB13E-ECE2-4A44-9482-8DC7484EB9D9}.Release|Any CPU.Build.0 = Release|Any CPU
		{C05AB13E-ECE2-4A44-9482-8DC7484EB9D9}.Release|ARM.ActiveCfg = Release|Any CPU
		{C05AB13E-ECE2-4A44-9482-8DC7484EB9D9}.Release|ARM.Build.0 = Release|Any CPU
		{C05AB13E-ECE2-4A44-9482-8DC7484EB9D9}.Release|ARM64.ActiveCfg = Release|Any CPU
		{C05AB13E-ECE2-4A44-9482-8DC7484EB9D9}.Release|ARM64.Build.0 = Release|Any CPU
		{C05AB13E-ECE2-4A44-9482-8DC7484EB9D9}.Release|x64.ActiveCfg = Release|Any CPU
		{C05AB13E-ECE2-4A44-9482-8DC7484EB9D9}.Release|x64.Build.0 = Release|Any CPU
		{C05AB13E-ECE2-4A44-9482-8DC7484EB9D9}.Release|x86.ActiveCfg = Release|Any CPU
		{C05AB13E-ECE2-4A44-9482-8DC7484EB9D9}.Release|x86.Build.0 = Release|Any CPU
		{268FE792-5681-4F7B-A7B2-467B048ED2CC}.Debug|Any CPU.ActiveCfg = Debug|Any CPU
		{268FE792-5681-4F7B-A7B2-467B048ED2CC}.Debug|Any CPU.Build.0 = Debug|Any CPU
		{268FE792-5681-4F7B-A7B2-467B048ED2CC}.Debug|ARM.ActiveCfg = Debug|Any CPU
		{268FE792-5681-4F7B-A7B2-467B048ED2CC}.Debug|ARM.Build.0 = Debug|Any CPU
		{268FE792-5681-4F7B-A7B2-467B048ED2CC}.Debug|ARM64.ActiveCfg = Debug|Any CPU
		{268FE792-5681-4F7B-A7B2-467B048ED2CC}.Debug|ARM64.Build.0 = Debug|Any CPU
		{268FE792-5681-4F7B-A7B2-467B048ED2CC}.Debug|x64.ActiveCfg = Debug|Any CPU
		{268FE792-5681-4F7B-A7B2-467B048ED2CC}.Debug|x64.Build.0 = Debug|Any CPU
		{268FE792-5681-4F7B-A7B2-467B048ED2CC}.Debug|x86.ActiveCfg = Debug|Any CPU
		{268FE792-5681-4F7B-A7B2-467B048ED2CC}.Debug|x86.Build.0 = Debug|Any CPU
		{268FE792-5681-4F7B-A7B2-467B048ED2CC}.Release|Any CPU.ActiveCfg = Release|Any CPU
		{268FE792-5681-4F7B-A7B2-467B048ED2CC}.Release|Any CPU.Build.0 = Release|Any CPU
		{268FE792-5681-4F7B-A7B2-467B048ED2CC}.Release|ARM.ActiveCfg = Release|Any CPU
		{268FE792-5681-4F7B-A7B2-467B048ED2CC}.Release|ARM.Build.0 = Release|Any CPU
		{268FE792-5681-4F7B-A7B2-467B048ED2CC}.Release|ARM64.ActiveCfg = Release|Any CPU
		{268FE792-5681-4F7B-A7B2-467B048ED2CC}.Release|ARM64.Build.0 = Release|Any CPU
		{268FE792-5681-4F7B-A7B2-467B048ED2CC}.Release|x64.ActiveCfg = Release|Any CPU
		{268FE792-5681-4F7B-A7B2-467B048ED2CC}.Release|x64.Build.0 = Release|Any CPU
		{268FE792-5681-4F7B-A7B2-467B048ED2CC}.Release|x86.ActiveCfg = Release|Any CPU
		{268FE792-5681-4F7B-A7B2-467B048ED2CC}.Release|x86.Build.0 = Release|Any CPU
		{EB1B34F1-7D63-4744-A86D-56ADD844906E}.Debug|Any CPU.ActiveCfg = Debug|Any CPU
		{EB1B34F1-7D63-4744-A86D-56ADD844906E}.Debug|Any CPU.Build.0 = Debug|Any CPU
		{EB1B34F1-7D63-4744-A86D-56ADD844906E}.Debug|ARM.ActiveCfg = Debug|Any CPU
		{EB1B34F1-7D63-4744-A86D-56ADD844906E}.Debug|ARM.Build.0 = Debug|Any CPU
		{EB1B34F1-7D63-4744-A86D-56ADD844906E}.Debug|ARM64.ActiveCfg = Debug|Any CPU
		{EB1B34F1-7D63-4744-A86D-56ADD844906E}.Debug|ARM64.Build.0 = Debug|Any CPU
		{EB1B34F1-7D63-4744-A86D-56ADD844906E}.Debug|x64.ActiveCfg = Debug|Any CPU
		{EB1B34F1-7D63-4744-A86D-56ADD844906E}.Debug|x64.Build.0 = Debug|Any CPU
		{EB1B34F1-7D63-4744-A86D-56ADD844906E}.Debug|x86.ActiveCfg = Debug|Any CPU
		{EB1B34F1-7D63-4744-A86D-56ADD844906E}.Debug|x86.Build.0 = Debug|Any CPU
		{EB1B34F1-7D63-4744-A86D-56ADD844906E}.Release|Any CPU.ActiveCfg = Release|Any CPU
		{EB1B34F1-7D63-4744-A86D-56ADD844906E}.Release|Any CPU.Build.0 = Release|Any CPU
		{EB1B34F1-7D63-4744-A86D-56ADD844906E}.Release|ARM.ActiveCfg = Release|Any CPU
		{EB1B34F1-7D63-4744-A86D-56ADD844906E}.Release|ARM.Build.0 = Release|Any CPU
		{EB1B34F1-7D63-4744-A86D-56ADD844906E}.Release|ARM64.ActiveCfg = Release|Any CPU
		{EB1B34F1-7D63-4744-A86D-56ADD844906E}.Release|ARM64.Build.0 = Release|Any CPU
		{EB1B34F1-7D63-4744-A86D-56ADD844906E}.Release|x64.ActiveCfg = Release|Any CPU
		{EB1B34F1-7D63-4744-A86D-56ADD844906E}.Release|x64.Build.0 = Release|Any CPU
		{EB1B34F1-7D63-4744-A86D-56ADD844906E}.Release|x86.ActiveCfg = Release|Any CPU
		{EB1B34F1-7D63-4744-A86D-56ADD844906E}.Release|x86.Build.0 = Release|Any CPU
		{3FBCA96F-2746-48A5-825C-9D54C2BDF79A}.Debug|Any CPU.ActiveCfg = Debug|Any CPU
		{3FBCA96F-2746-48A5-825C-9D54C2BDF79A}.Debug|Any CPU.Build.0 = Debug|Any CPU
		{3FBCA96F-2746-48A5-825C-9D54C2BDF79A}.Debug|ARM.ActiveCfg = Debug|Any CPU
		{3FBCA96F-2746-48A5-825C-9D54C2BDF79A}.Debug|ARM.Build.0 = Debug|Any CPU
		{3FBCA96F-2746-48A5-825C-9D54C2BDF79A}.Debug|ARM64.ActiveCfg = Debug|Any CPU
		{3FBCA96F-2746-48A5-825C-9D54C2BDF79A}.Debug|ARM64.Build.0 = Debug|Any CPU
		{3FBCA96F-2746-48A5-825C-9D54C2BDF79A}.Debug|x64.ActiveCfg = Debug|Any CPU
		{3FBCA96F-2746-48A5-825C-9D54C2BDF79A}.Debug|x64.Build.0 = Debug|Any CPU
		{3FBCA96F-2746-48A5-825C-9D54C2BDF79A}.Debug|x86.ActiveCfg = Debug|Any CPU
		{3FBCA96F-2746-48A5-825C-9D54C2BDF79A}.Debug|x86.Build.0 = Debug|Any CPU
		{3FBCA96F-2746-48A5-825C-9D54C2BDF79A}.Release|Any CPU.ActiveCfg = Release|Any CPU
		{3FBCA96F-2746-48A5-825C-9D54C2BDF79A}.Release|Any CPU.Build.0 = Release|Any CPU
		{3FBCA96F-2746-48A5-825C-9D54C2BDF79A}.Release|ARM.ActiveCfg = Release|Any CPU
		{3FBCA96F-2746-48A5-825C-9D54C2BDF79A}.Release|ARM.Build.0 = Release|Any CPU
		{3FBCA96F-2746-48A5-825C-9D54C2BDF79A}.Release|ARM64.ActiveCfg = Release|Any CPU
		{3FBCA96F-2746-48A5-825C-9D54C2BDF79A}.Release|ARM64.Build.0 = Release|Any CPU
		{3FBCA96F-2746-48A5-825C-9D54C2BDF79A}.Release|x64.ActiveCfg = Release|Any CPU
		{3FBCA96F-2746-48A5-825C-9D54C2BDF79A}.Release|x64.Build.0 = Release|Any CPU
		{3FBCA96F-2746-48A5-825C-9D54C2BDF79A}.Release|x86.ActiveCfg = Release|Any CPU
		{3FBCA96F-2746-48A5-825C-9D54C2BDF79A}.Release|x86.Build.0 = Release|Any CPU
		{404FC088-68CB-4B67-AA53-9CD423E89F99}.Debug|Any CPU.ActiveCfg = Debug|Any CPU
		{404FC088-68CB-4B67-AA53-9CD423E89F99}.Debug|Any CPU.Build.0 = Debug|Any CPU
		{404FC088-68CB-4B67-AA53-9CD423E89F99}.Debug|ARM.ActiveCfg = Debug|Any CPU
		{404FC088-68CB-4B67-AA53-9CD423E89F99}.Debug|ARM.Build.0 = Debug|Any CPU
		{404FC088-68CB-4B67-AA53-9CD423E89F99}.Debug|ARM64.ActiveCfg = Debug|Any CPU
		{404FC088-68CB-4B67-AA53-9CD423E89F99}.Debug|ARM64.Build.0 = Debug|Any CPU
		{404FC088-68CB-4B67-AA53-9CD423E89F99}.Debug|x64.ActiveCfg = Debug|Any CPU
		{404FC088-68CB-4B67-AA53-9CD423E89F99}.Debug|x64.Build.0 = Debug|Any CPU
		{404FC088-68CB-4B67-AA53-9CD423E89F99}.Debug|x86.ActiveCfg = Debug|Any CPU
		{404FC088-68CB-4B67-AA53-9CD423E89F99}.Debug|x86.Build.0 = Debug|Any CPU
		{404FC088-68CB-4B67-AA53-9CD423E89F99}.Release|Any CPU.ActiveCfg = Release|Any CPU
		{404FC088-68CB-4B67-AA53-9CD423E89F99}.Release|Any CPU.Build.0 = Release|Any CPU
		{404FC088-68CB-4B67-AA53-9CD423E89F99}.Release|ARM.ActiveCfg = Release|Any CPU
		{404FC088-68CB-4B67-AA53-9CD423E89F99}.Release|ARM.Build.0 = Release|Any CPU
		{404FC088-68CB-4B67-AA53-9CD423E89F99}.Release|ARM64.ActiveCfg = Release|Any CPU
		{404FC088-68CB-4B67-AA53-9CD423E89F99}.Release|ARM64.Build.0 = Release|Any CPU
		{404FC088-68CB-4B67-AA53-9CD423E89F99}.Release|x64.ActiveCfg = Release|Any CPU
		{404FC088-68CB-4B67-AA53-9CD423E89F99}.Release|x64.Build.0 = Release|Any CPU
		{404FC088-68CB-4B67-AA53-9CD423E89F99}.Release|x86.ActiveCfg = Release|Any CPU
		{404FC088-68CB-4B67-AA53-9CD423E89F99}.Release|x86.Build.0 = Release|Any CPU
		{FF0B53B3-732B-4C60-BE62-6335278DC836}.Debug|Any CPU.ActiveCfg = Debug|Any CPU
		{FF0B53B3-732B-4C60-BE62-6335278DC836}.Debug|Any CPU.Build.0 = Debug|Any CPU
		{FF0B53B3-732B-4C60-BE62-6335278DC836}.Debug|ARM.ActiveCfg = Debug|Any CPU
		{FF0B53B3-732B-4C60-BE62-6335278DC836}.Debug|ARM.Build.0 = Debug|Any CPU
		{FF0B53B3-732B-4C60-BE62-6335278DC836}.Debug|ARM64.ActiveCfg = Debug|Any CPU
		{FF0B53B3-732B-4C60-BE62-6335278DC836}.Debug|ARM64.Build.0 = Debug|Any CPU
		{FF0B53B3-732B-4C60-BE62-6335278DC836}.Debug|x64.ActiveCfg = Debug|Any CPU
		{FF0B53B3-732B-4C60-BE62-6335278DC836}.Debug|x64.Build.0 = Debug|Any CPU
		{FF0B53B3-732B-4C60-BE62-6335278DC836}.Debug|x86.ActiveCfg = Debug|Any CPU
		{FF0B53B3-732B-4C60-BE62-6335278DC836}.Debug|x86.Build.0 = Debug|Any CPU
		{FF0B53B3-732B-4C60-BE62-6335278DC836}.Release|Any CPU.ActiveCfg = Release|Any CPU
		{FF0B53B3-732B-4C60-BE62-6335278DC836}.Release|Any CPU.Build.0 = Release|Any CPU
		{FF0B53B3-732B-4C60-BE62-6335278DC836}.Release|ARM.ActiveCfg = Release|Any CPU
		{FF0B53B3-732B-4C60-BE62-6335278DC836}.Release|ARM.Build.0 = Release|Any CPU
		{FF0B53B3-732B-4C60-BE62-6335278DC836}.Release|ARM64.ActiveCfg = Release|Any CPU
		{FF0B53B3-732B-4C60-BE62-6335278DC836}.Release|ARM64.Build.0 = Release|Any CPU
		{FF0B53B3-732B-4C60-BE62-6335278DC836}.Release|x64.ActiveCfg = Release|Any CPU
		{FF0B53B3-732B-4C60-BE62-6335278DC836}.Release|x64.Build.0 = Release|Any CPU
		{FF0B53B3-732B-4C60-BE62-6335278DC836}.Release|x86.ActiveCfg = Release|Any CPU
		{FF0B53B3-732B-4C60-BE62-6335278DC836}.Release|x86.Build.0 = Release|Any CPU
		{8FA224AD-AA58-49A3-9A3D-D4D0FDF3F31E}.Debug|Any CPU.ActiveCfg = Debug|Any CPU
		{8FA224AD-AA58-49A3-9A3D-D4D0FDF3F31E}.Debug|Any CPU.Build.0 = Debug|Any CPU
		{8FA224AD-AA58-49A3-9A3D-D4D0FDF3F31E}.Debug|ARM.ActiveCfg = Debug|Any CPU
		{8FA224AD-AA58-49A3-9A3D-D4D0FDF3F31E}.Debug|ARM.Build.0 = Debug|Any CPU
		{8FA224AD-AA58-49A3-9A3D-D4D0FDF3F31E}.Debug|ARM64.ActiveCfg = Debug|Any CPU
		{8FA224AD-AA58-49A3-9A3D-D4D0FDF3F31E}.Debug|ARM64.Build.0 = Debug|Any CPU
		{8FA224AD-AA58-49A3-9A3D-D4D0FDF3F31E}.Debug|x64.ActiveCfg = Debug|Any CPU
		{8FA224AD-AA58-49A3-9A3D-D4D0FDF3F31E}.Debug|x64.Build.0 = Debug|Any CPU
		{8FA224AD-AA58-49A3-9A3D-D4D0FDF3F31E}.Debug|x86.ActiveCfg = Debug|Any CPU
		{8FA224AD-AA58-49A3-9A3D-D4D0FDF3F31E}.Debug|x86.Build.0 = Debug|Any CPU
		{8FA224AD-AA58-49A3-9A3D-D4D0FDF3F31E}.Release|Any CPU.ActiveCfg = Release|Any CPU
		{8FA224AD-AA58-49A3-9A3D-D4D0FDF3F31E}.Release|Any CPU.Build.0 = Release|Any CPU
		{8FA224AD-AA58-49A3-9A3D-D4D0FDF3F31E}.Release|ARM.ActiveCfg = Release|Any CPU
		{8FA224AD-AA58-49A3-9A3D-D4D0FDF3F31E}.Release|ARM.Build.0 = Release|Any CPU
		{8FA224AD-AA58-49A3-9A3D-D4D0FDF3F31E}.Release|ARM64.ActiveCfg = Release|Any CPU
		{8FA224AD-AA58-49A3-9A3D-D4D0FDF3F31E}.Release|ARM64.Build.0 = Release|Any CPU
		{8FA224AD-AA58-49A3-9A3D-D4D0FDF3F31E}.Release|x64.ActiveCfg = Release|Any CPU
		{8FA224AD-AA58-49A3-9A3D-D4D0FDF3F31E}.Release|x64.Build.0 = Release|Any CPU
		{8FA224AD-AA58-49A3-9A3D-D4D0FDF3F31E}.Release|x86.ActiveCfg = Release|Any CPU
		{8FA224AD-AA58-49A3-9A3D-D4D0FDF3F31E}.Release|x86.Build.0 = Release|Any CPU
		{0353DC18-04A8-475C-82FA-4F1CC3B8465B}.Debug|Any CPU.ActiveCfg = Debug|Any CPU
		{0353DC18-04A8-475C-82FA-4F1CC3B8465B}.Debug|Any CPU.Build.0 = Debug|Any CPU
		{0353DC18-04A8-475C-82FA-4F1CC3B8465B}.Debug|ARM.ActiveCfg = Debug|Any CPU
		{0353DC18-04A8-475C-82FA-4F1CC3B8465B}.Debug|ARM.Build.0 = Debug|Any CPU
		{0353DC18-04A8-475C-82FA-4F1CC3B8465B}.Debug|ARM64.ActiveCfg = Debug|Any CPU
		{0353DC18-04A8-475C-82FA-4F1CC3B8465B}.Debug|ARM64.Build.0 = Debug|Any CPU
		{0353DC18-04A8-475C-82FA-4F1CC3B8465B}.Debug|x64.ActiveCfg = Debug|Any CPU
		{0353DC18-04A8-475C-82FA-4F1CC3B8465B}.Debug|x64.Build.0 = Debug|Any CPU
		{0353DC18-04A8-475C-82FA-4F1CC3B8465B}.Debug|x86.ActiveCfg = Debug|Any CPU
		{0353DC18-04A8-475C-82FA-4F1CC3B8465B}.Debug|x86.Build.0 = Debug|Any CPU
		{0353DC18-04A8-475C-82FA-4F1CC3B8465B}.Release|Any CPU.ActiveCfg = Release|Any CPU
		{0353DC18-04A8-475C-82FA-4F1CC3B8465B}.Release|Any CPU.Build.0 = Release|Any CPU
		{0353DC18-04A8-475C-82FA-4F1CC3B8465B}.Release|ARM.ActiveCfg = Release|Any CPU
		{0353DC18-04A8-475C-82FA-4F1CC3B8465B}.Release|ARM.Build.0 = Release|Any CPU
		{0353DC18-04A8-475C-82FA-4F1CC3B8465B}.Release|ARM64.ActiveCfg = Release|Any CPU
		{0353DC18-04A8-475C-82FA-4F1CC3B8465B}.Release|ARM64.Build.0 = Release|Any CPU
		{0353DC18-04A8-475C-82FA-4F1CC3B8465B}.Release|x64.ActiveCfg = Release|Any CPU
		{0353DC18-04A8-475C-82FA-4F1CC3B8465B}.Release|x64.Build.0 = Release|Any CPU
		{0353DC18-04A8-475C-82FA-4F1CC3B8465B}.Release|x86.ActiveCfg = Release|Any CPU
		{0353DC18-04A8-475C-82FA-4F1CC3B8465B}.Release|x86.Build.0 = Release|Any CPU
		{552F5395-CA09-406D-A1C2-AAC602E801D8}.Debug|Any CPU.ActiveCfg = Debug|Any CPU
		{552F5395-CA09-406D-A1C2-AAC602E801D8}.Debug|Any CPU.Build.0 = Debug|Any CPU
		{552F5395-CA09-406D-A1C2-AAC602E801D8}.Debug|ARM.ActiveCfg = Debug|Any CPU
		{552F5395-CA09-406D-A1C2-AAC602E801D8}.Debug|ARM.Build.0 = Debug|Any CPU
		{552F5395-CA09-406D-A1C2-AAC602E801D8}.Debug|ARM64.ActiveCfg = Debug|Any CPU
		{552F5395-CA09-406D-A1C2-AAC602E801D8}.Debug|ARM64.Build.0 = Debug|Any CPU
		{552F5395-CA09-406D-A1C2-AAC602E801D8}.Debug|x64.ActiveCfg = Debug|Any CPU
		{552F5395-CA09-406D-A1C2-AAC602E801D8}.Debug|x64.Build.0 = Debug|Any CPU
		{552F5395-CA09-406D-A1C2-AAC602E801D8}.Debug|x86.ActiveCfg = Debug|Any CPU
		{552F5395-CA09-406D-A1C2-AAC602E801D8}.Debug|x86.Build.0 = Debug|Any CPU
		{552F5395-CA09-406D-A1C2-AAC602E801D8}.Release|Any CPU.ActiveCfg = Release|Any CPU
		{552F5395-CA09-406D-A1C2-AAC602E801D8}.Release|Any CPU.Build.0 = Release|Any CPU
		{552F5395-CA09-406D-A1C2-AAC602E801D8}.Release|ARM.ActiveCfg = Release|Any CPU
		{552F5395-CA09-406D-A1C2-AAC602E801D8}.Release|ARM.Build.0 = Release|Any CPU
		{552F5395-CA09-406D-A1C2-AAC602E801D8}.Release|ARM64.ActiveCfg = Release|Any CPU
		{552F5395-CA09-406D-A1C2-AAC602E801D8}.Release|ARM64.Build.0 = Release|Any CPU
		{552F5395-CA09-406D-A1C2-AAC602E801D8}.Release|x64.ActiveCfg = Release|Any CPU
		{552F5395-CA09-406D-A1C2-AAC602E801D8}.Release|x64.Build.0 = Release|Any CPU
		{552F5395-CA09-406D-A1C2-AAC602E801D8}.Release|x86.ActiveCfg = Release|Any CPU
		{552F5395-CA09-406D-A1C2-AAC602E801D8}.Release|x86.Build.0 = Release|Any CPU
		{43E10792-2CE3-4927-80E7-B1C2570ADDFE}.Debug|Any CPU.ActiveCfg = Debug|Any CPU
		{43E10792-2CE3-4927-80E7-B1C2570ADDFE}.Debug|Any CPU.Build.0 = Debug|Any CPU
		{43E10792-2CE3-4927-80E7-B1C2570ADDFE}.Debug|ARM.ActiveCfg = Debug|Any CPU
		{43E10792-2CE3-4927-80E7-B1C2570ADDFE}.Debug|ARM.Build.0 = Debug|Any CPU
		{43E10792-2CE3-4927-80E7-B1C2570ADDFE}.Debug|ARM64.ActiveCfg = Debug|Any CPU
		{43E10792-2CE3-4927-80E7-B1C2570ADDFE}.Debug|ARM64.Build.0 = Debug|Any CPU
		{43E10792-2CE3-4927-80E7-B1C2570ADDFE}.Debug|x64.ActiveCfg = Debug|Any CPU
		{43E10792-2CE3-4927-80E7-B1C2570ADDFE}.Debug|x64.Build.0 = Debug|Any CPU
		{43E10792-2CE3-4927-80E7-B1C2570ADDFE}.Debug|x86.ActiveCfg = Debug|Any CPU
		{43E10792-2CE3-4927-80E7-B1C2570ADDFE}.Debug|x86.Build.0 = Debug|Any CPU
		{43E10792-2CE3-4927-80E7-B1C2570ADDFE}.Release|Any CPU.ActiveCfg = Release|Any CPU
		{43E10792-2CE3-4927-80E7-B1C2570ADDFE}.Release|Any CPU.Build.0 = Release|Any CPU
		{43E10792-2CE3-4927-80E7-B1C2570ADDFE}.Release|ARM.ActiveCfg = Release|Any CPU
		{43E10792-2CE3-4927-80E7-B1C2570ADDFE}.Release|ARM.Build.0 = Release|Any CPU
		{43E10792-2CE3-4927-80E7-B1C2570ADDFE}.Release|ARM64.ActiveCfg = Release|Any CPU
		{43E10792-2CE3-4927-80E7-B1C2570ADDFE}.Release|ARM64.Build.0 = Release|Any CPU
		{43E10792-2CE3-4927-80E7-B1C2570ADDFE}.Release|x64.ActiveCfg = Release|Any CPU
		{43E10792-2CE3-4927-80E7-B1C2570ADDFE}.Release|x64.Build.0 = Release|Any CPU
		{43E10792-2CE3-4927-80E7-B1C2570ADDFE}.Release|x86.ActiveCfg = Release|Any CPU
		{43E10792-2CE3-4927-80E7-B1C2570ADDFE}.Release|x86.Build.0 = Release|Any CPU
		{55FD5DB6-DBC0-4F68-B63B-9D60E842978E}.Debug|Any CPU.ActiveCfg = Debug|Any CPU
		{55FD5DB6-DBC0-4F68-B63B-9D60E842978E}.Debug|Any CPU.Build.0 = Debug|Any CPU
		{55FD5DB6-DBC0-4F68-B63B-9D60E842978E}.Debug|ARM.ActiveCfg = Debug|Any CPU
		{55FD5DB6-DBC0-4F68-B63B-9D60E842978E}.Debug|ARM.Build.0 = Debug|Any CPU
		{55FD5DB6-DBC0-4F68-B63B-9D60E842978E}.Debug|ARM64.ActiveCfg = Debug|Any CPU
		{55FD5DB6-DBC0-4F68-B63B-9D60E842978E}.Debug|ARM64.Build.0 = Debug|Any CPU
		{55FD5DB6-DBC0-4F68-B63B-9D60E842978E}.Debug|x64.ActiveCfg = Debug|Any CPU
		{55FD5DB6-DBC0-4F68-B63B-9D60E842978E}.Debug|x64.Build.0 = Debug|Any CPU
		{55FD5DB6-DBC0-4F68-B63B-9D60E842978E}.Debug|x86.ActiveCfg = Debug|Any CPU
		{55FD5DB6-DBC0-4F68-B63B-9D60E842978E}.Debug|x86.Build.0 = Debug|Any CPU
		{55FD5DB6-DBC0-4F68-B63B-9D60E842978E}.Release|Any CPU.ActiveCfg = Release|Any CPU
		{55FD5DB6-DBC0-4F68-B63B-9D60E842978E}.Release|Any CPU.Build.0 = Release|Any CPU
		{55FD5DB6-DBC0-4F68-B63B-9D60E842978E}.Release|ARM.ActiveCfg = Release|Any CPU
		{55FD5DB6-DBC0-4F68-B63B-9D60E842978E}.Release|ARM.Build.0 = Release|Any CPU
		{55FD5DB6-DBC0-4F68-B63B-9D60E842978E}.Release|ARM64.ActiveCfg = Release|Any CPU
		{55FD5DB6-DBC0-4F68-B63B-9D60E842978E}.Release|ARM64.Build.0 = Release|Any CPU
		{55FD5DB6-DBC0-4F68-B63B-9D60E842978E}.Release|x64.ActiveCfg = Release|Any CPU
		{55FD5DB6-DBC0-4F68-B63B-9D60E842978E}.Release|x64.Build.0 = Release|Any CPU
		{55FD5DB6-DBC0-4F68-B63B-9D60E842978E}.Release|x86.ActiveCfg = Release|Any CPU
		{55FD5DB6-DBC0-4F68-B63B-9D60E842978E}.Release|x86.Build.0 = Release|Any CPU
		{4B86EB28-CBD2-4166-9C03-8AADF66A4042}.Debug|Any CPU.ActiveCfg = Debug|Any CPU
		{4B86EB28-CBD2-4166-9C03-8AADF66A4042}.Debug|Any CPU.Build.0 = Debug|Any CPU
		{4B86EB28-CBD2-4166-9C03-8AADF66A4042}.Debug|ARM.ActiveCfg = Debug|Any CPU
		{4B86EB28-CBD2-4166-9C03-8AADF66A4042}.Debug|ARM.Build.0 = Debug|Any CPU
		{4B86EB28-CBD2-4166-9C03-8AADF66A4042}.Debug|ARM64.ActiveCfg = Debug|Any CPU
		{4B86EB28-CBD2-4166-9C03-8AADF66A4042}.Debug|ARM64.Build.0 = Debug|Any CPU
		{4B86EB28-CBD2-4166-9C03-8AADF66A4042}.Debug|x64.ActiveCfg = Debug|Any CPU
		{4B86EB28-CBD2-4166-9C03-8AADF66A4042}.Debug|x64.Build.0 = Debug|Any CPU
		{4B86EB28-CBD2-4166-9C03-8AADF66A4042}.Debug|x86.ActiveCfg = Debug|Any CPU
		{4B86EB28-CBD2-4166-9C03-8AADF66A4042}.Debug|x86.Build.0 = Debug|Any CPU
		{4B86EB28-CBD2-4166-9C03-8AADF66A4042}.Release|Any CPU.ActiveCfg = Release|Any CPU
		{4B86EB28-CBD2-4166-9C03-8AADF66A4042}.Release|Any CPU.Build.0 = Release|Any CPU
		{4B86EB28-CBD2-4166-9C03-8AADF66A4042}.Release|ARM.ActiveCfg = Release|Any CPU
		{4B86EB28-CBD2-4166-9C03-8AADF66A4042}.Release|ARM.Build.0 = Release|Any CPU
		{4B86EB28-CBD2-4166-9C03-8AADF66A4042}.Release|ARM64.ActiveCfg = Release|Any CPU
		{4B86EB28-CBD2-4166-9C03-8AADF66A4042}.Release|ARM64.Build.0 = Release|Any CPU
		{4B86EB28-CBD2-4166-9C03-8AADF66A4042}.Release|x64.ActiveCfg = Release|Any CPU
		{4B86EB28-CBD2-4166-9C03-8AADF66A4042}.Release|x64.Build.0 = Release|Any CPU
		{4B86EB28-CBD2-4166-9C03-8AADF66A4042}.Release|x86.ActiveCfg = Release|Any CPU
		{4B86EB28-CBD2-4166-9C03-8AADF66A4042}.Release|x86.Build.0 = Release|Any CPU
		{F84322AD-F665-42CB-8A37-60E19866AA0B}.Debug|Any CPU.ActiveCfg = Debug|Any CPU
		{F84322AD-F665-42CB-8A37-60E19866AA0B}.Debug|Any CPU.Build.0 = Debug|Any CPU
		{F84322AD-F665-42CB-8A37-60E19866AA0B}.Debug|ARM.ActiveCfg = Debug|Any CPU
		{F84322AD-F665-42CB-8A37-60E19866AA0B}.Debug|ARM.Build.0 = Debug|Any CPU
		{F84322AD-F665-42CB-8A37-60E19866AA0B}.Debug|ARM64.ActiveCfg = Debug|Any CPU
		{F84322AD-F665-42CB-8A37-60E19866AA0B}.Debug|ARM64.Build.0 = Debug|Any CPU
		{F84322AD-F665-42CB-8A37-60E19866AA0B}.Debug|x64.ActiveCfg = Debug|Any CPU
		{F84322AD-F665-42CB-8A37-60E19866AA0B}.Debug|x64.Build.0 = Debug|Any CPU
		{F84322AD-F665-42CB-8A37-60E19866AA0B}.Debug|x86.ActiveCfg = Debug|Any CPU
		{F84322AD-F665-42CB-8A37-60E19866AA0B}.Debug|x86.Build.0 = Debug|Any CPU
		{F84322AD-F665-42CB-8A37-60E19866AA0B}.Release|Any CPU.ActiveCfg = Release|Any CPU
		{F84322AD-F665-42CB-8A37-60E19866AA0B}.Release|Any CPU.Build.0 = Release|Any CPU
		{F84322AD-F665-42CB-8A37-60E19866AA0B}.Release|ARM.ActiveCfg = Release|Any CPU
		{F84322AD-F665-42CB-8A37-60E19866AA0B}.Release|ARM.Build.0 = Release|Any CPU
		{F84322AD-F665-42CB-8A37-60E19866AA0B}.Release|ARM64.ActiveCfg = Release|Any CPU
		{F84322AD-F665-42CB-8A37-60E19866AA0B}.Release|ARM64.Build.0 = Release|Any CPU
		{F84322AD-F665-42CB-8A37-60E19866AA0B}.Release|x64.ActiveCfg = Release|Any CPU
		{F84322AD-F665-42CB-8A37-60E19866AA0B}.Release|x64.Build.0 = Release|Any CPU
		{F84322AD-F665-42CB-8A37-60E19866AA0B}.Release|x86.ActiveCfg = Release|Any CPU
		{F84322AD-F665-42CB-8A37-60E19866AA0B}.Release|x86.Build.0 = Release|Any CPU
		{47C827EC-1176-4384-B36B-FFE52D6423C3}.Debug|Any CPU.ActiveCfg = Debug|Any CPU
		{47C827EC-1176-4384-B36B-FFE52D6423C3}.Debug|Any CPU.Build.0 = Debug|Any CPU
		{47C827EC-1176-4384-B36B-FFE52D6423C3}.Debug|ARM.ActiveCfg = Debug|Any CPU
		{47C827EC-1176-4384-B36B-FFE52D6423C3}.Debug|ARM.Build.0 = Debug|Any CPU
		{47C827EC-1176-4384-B36B-FFE52D6423C3}.Debug|ARM64.ActiveCfg = Debug|Any CPU
		{47C827EC-1176-4384-B36B-FFE52D6423C3}.Debug|ARM64.Build.0 = Debug|Any CPU
		{47C827EC-1176-4384-B36B-FFE52D6423C3}.Debug|x64.ActiveCfg = Debug|Any CPU
		{47C827EC-1176-4384-B36B-FFE52D6423C3}.Debug|x64.Build.0 = Debug|Any CPU
		{47C827EC-1176-4384-B36B-FFE52D6423C3}.Debug|x86.ActiveCfg = Debug|Any CPU
		{47C827EC-1176-4384-B36B-FFE52D6423C3}.Debug|x86.Build.0 = Debug|Any CPU
		{47C827EC-1176-4384-B36B-FFE52D6423C3}.Release|Any CPU.ActiveCfg = Release|Any CPU
		{47C827EC-1176-4384-B36B-FFE52D6423C3}.Release|Any CPU.Build.0 = Release|Any CPU
		{47C827EC-1176-4384-B36B-FFE52D6423C3}.Release|ARM.ActiveCfg = Release|Any CPU
		{47C827EC-1176-4384-B36B-FFE52D6423C3}.Release|ARM.Build.0 = Release|Any CPU
		{47C827EC-1176-4384-B36B-FFE52D6423C3}.Release|ARM64.ActiveCfg = Release|Any CPU
		{47C827EC-1176-4384-B36B-FFE52D6423C3}.Release|ARM64.Build.0 = Release|Any CPU
		{47C827EC-1176-4384-B36B-FFE52D6423C3}.Release|x64.ActiveCfg = Release|Any CPU
		{47C827EC-1176-4384-B36B-FFE52D6423C3}.Release|x64.Build.0 = Release|Any CPU
		{47C827EC-1176-4384-B36B-FFE52D6423C3}.Release|x86.ActiveCfg = Release|Any CPU
		{47C827EC-1176-4384-B36B-FFE52D6423C3}.Release|x86.Build.0 = Release|Any CPU
		{110D06F7-4810-44C5-A7AB-D2573E2183A3}.Debug|Any CPU.ActiveCfg = Debug|Any CPU
		{110D06F7-4810-44C5-A7AB-D2573E2183A3}.Debug|Any CPU.Build.0 = Debug|Any CPU
		{110D06F7-4810-44C5-A7AB-D2573E2183A3}.Debug|ARM.ActiveCfg = Debug|Any CPU
		{110D06F7-4810-44C5-A7AB-D2573E2183A3}.Debug|ARM.Build.0 = Debug|Any CPU
		{110D06F7-4810-44C5-A7AB-D2573E2183A3}.Debug|ARM64.ActiveCfg = Debug|Any CPU
		{110D06F7-4810-44C5-A7AB-D2573E2183A3}.Debug|ARM64.Build.0 = Debug|Any CPU
		{110D06F7-4810-44C5-A7AB-D2573E2183A3}.Debug|x64.ActiveCfg = Debug|Any CPU
		{110D06F7-4810-44C5-A7AB-D2573E2183A3}.Debug|x64.Build.0 = Debug|Any CPU
		{110D06F7-4810-44C5-A7AB-D2573E2183A3}.Debug|x86.ActiveCfg = Debug|Any CPU
		{110D06F7-4810-44C5-A7AB-D2573E2183A3}.Debug|x86.Build.0 = Debug|Any CPU
		{110D06F7-4810-44C5-A7AB-D2573E2183A3}.Release|Any CPU.ActiveCfg = Release|Any CPU
		{110D06F7-4810-44C5-A7AB-D2573E2183A3}.Release|Any CPU.Build.0 = Release|Any CPU
		{110D06F7-4810-44C5-A7AB-D2573E2183A3}.Release|ARM.ActiveCfg = Release|Any CPU
		{110D06F7-4810-44C5-A7AB-D2573E2183A3}.Release|ARM.Build.0 = Release|Any CPU
		{110D06F7-4810-44C5-A7AB-D2573E2183A3}.Release|ARM64.ActiveCfg = Release|Any CPU
		{110D06F7-4810-44C5-A7AB-D2573E2183A3}.Release|ARM64.Build.0 = Release|Any CPU
		{110D06F7-4810-44C5-A7AB-D2573E2183A3}.Release|x64.ActiveCfg = Release|Any CPU
		{110D06F7-4810-44C5-A7AB-D2573E2183A3}.Release|x64.Build.0 = Release|Any CPU
		{110D06F7-4810-44C5-A7AB-D2573E2183A3}.Release|x86.ActiveCfg = Release|Any CPU
		{110D06F7-4810-44C5-A7AB-D2573E2183A3}.Release|x86.Build.0 = Release|Any CPU
		{6ADDF81D-7665-4439-A91E-DA30E6C4F4A8}.Debug|Any CPU.ActiveCfg = Debug|Any CPU
		{6ADDF81D-7665-4439-A91E-DA30E6C4F4A8}.Debug|Any CPU.Build.0 = Debug|Any CPU
		{6ADDF81D-7665-4439-A91E-DA30E6C4F4A8}.Debug|ARM.ActiveCfg = Debug|Any CPU
		{6ADDF81D-7665-4439-A91E-DA30E6C4F4A8}.Debug|ARM.Build.0 = Debug|Any CPU
		{6ADDF81D-7665-4439-A91E-DA30E6C4F4A8}.Debug|ARM64.ActiveCfg = Debug|Any CPU
		{6ADDF81D-7665-4439-A91E-DA30E6C4F4A8}.Debug|ARM64.Build.0 = Debug|Any CPU
		{6ADDF81D-7665-4439-A91E-DA30E6C4F4A8}.Debug|x64.ActiveCfg = Debug|Any CPU
		{6ADDF81D-7665-4439-A91E-DA30E6C4F4A8}.Debug|x64.Build.0 = Debug|Any CPU
		{6ADDF81D-7665-4439-A91E-DA30E6C4F4A8}.Debug|x86.ActiveCfg = Debug|Any CPU
		{6ADDF81D-7665-4439-A91E-DA30E6C4F4A8}.Debug|x86.Build.0 = Debug|Any CPU
		{6ADDF81D-7665-4439-A91E-DA30E6C4F4A8}.Release|Any CPU.ActiveCfg = Release|Any CPU
		{6ADDF81D-7665-4439-A91E-DA30E6C4F4A8}.Release|Any CPU.Build.0 = Release|Any CPU
		{6ADDF81D-7665-4439-A91E-DA30E6C4F4A8}.Release|ARM.ActiveCfg = Release|Any CPU
		{6ADDF81D-7665-4439-A91E-DA30E6C4F4A8}.Release|ARM.Build.0 = Release|Any CPU
		{6ADDF81D-7665-4439-A91E-DA30E6C4F4A8}.Release|ARM64.ActiveCfg = Release|Any CPU
		{6ADDF81D-7665-4439-A91E-DA30E6C4F4A8}.Release|ARM64.Build.0 = Release|Any CPU
		{6ADDF81D-7665-4439-A91E-DA30E6C4F4A8}.Release|x64.ActiveCfg = Release|Any CPU
		{6ADDF81D-7665-4439-A91E-DA30E6C4F4A8}.Release|x64.Build.0 = Release|Any CPU
		{6ADDF81D-7665-4439-A91E-DA30E6C4F4A8}.Release|x86.ActiveCfg = Release|Any CPU
		{6ADDF81D-7665-4439-A91E-DA30E6C4F4A8}.Release|x86.Build.0 = Release|Any CPU
		{CFBCC50F-4CA3-43BF-B6A2-569A7A8E0201}.Debug|Any CPU.ActiveCfg = Debug|Any CPU
		{CFBCC50F-4CA3-43BF-B6A2-569A7A8E0201}.Debug|Any CPU.Build.0 = Debug|Any CPU
		{CFBCC50F-4CA3-43BF-B6A2-569A7A8E0201}.Debug|ARM.ActiveCfg = Debug|Any CPU
		{CFBCC50F-4CA3-43BF-B6A2-569A7A8E0201}.Debug|ARM.Build.0 = Debug|Any CPU
		{CFBCC50F-4CA3-43BF-B6A2-569A7A8E0201}.Debug|ARM64.ActiveCfg = Debug|Any CPU
		{CFBCC50F-4CA3-43BF-B6A2-569A7A8E0201}.Debug|ARM64.Build.0 = Debug|Any CPU
		{CFBCC50F-4CA3-43BF-B6A2-569A7A8E0201}.Debug|x64.ActiveCfg = Debug|Any CPU
		{CFBCC50F-4CA3-43BF-B6A2-569A7A8E0201}.Debug|x64.Build.0 = Debug|Any CPU
		{CFBCC50F-4CA3-43BF-B6A2-569A7A8E0201}.Debug|x86.ActiveCfg = Debug|Any CPU
		{CFBCC50F-4CA3-43BF-B6A2-569A7A8E0201}.Debug|x86.Build.0 = Debug|Any CPU
		{CFBCC50F-4CA3-43BF-B6A2-569A7A8E0201}.Release|Any CPU.ActiveCfg = Release|Any CPU
		{CFBCC50F-4CA3-43BF-B6A2-569A7A8E0201}.Release|Any CPU.Build.0 = Release|Any CPU
		{CFBCC50F-4CA3-43BF-B6A2-569A7A8E0201}.Release|ARM.ActiveCfg = Release|Any CPU
		{CFBCC50F-4CA3-43BF-B6A2-569A7A8E0201}.Release|ARM.Build.0 = Release|Any CPU
		{CFBCC50F-4CA3-43BF-B6A2-569A7A8E0201}.Release|ARM64.ActiveCfg = Release|Any CPU
		{CFBCC50F-4CA3-43BF-B6A2-569A7A8E0201}.Release|ARM64.Build.0 = Release|Any CPU
		{CFBCC50F-4CA3-43BF-B6A2-569A7A8E0201}.Release|x64.ActiveCfg = Release|Any CPU
		{CFBCC50F-4CA3-43BF-B6A2-569A7A8E0201}.Release|x64.Build.0 = Release|Any CPU
		{CFBCC50F-4CA3-43BF-B6A2-569A7A8E0201}.Release|x86.ActiveCfg = Release|Any CPU
		{CFBCC50F-4CA3-43BF-B6A2-569A7A8E0201}.Release|x86.Build.0 = Release|Any CPU
		{5FF9C935-C410-493D-84EE-A7B5F7E87E33}.Debug|Any CPU.ActiveCfg = Debug|Any CPU
		{5FF9C935-C410-493D-84EE-A7B5F7E87E33}.Debug|Any CPU.Build.0 = Debug|Any CPU
		{5FF9C935-C410-493D-84EE-A7B5F7E87E33}.Debug|ARM.ActiveCfg = Debug|Any CPU
		{5FF9C935-C410-493D-84EE-A7B5F7E87E33}.Debug|ARM.Build.0 = Debug|Any CPU
		{5FF9C935-C410-493D-84EE-A7B5F7E87E33}.Debug|ARM64.ActiveCfg = Debug|Any CPU
		{5FF9C935-C410-493D-84EE-A7B5F7E87E33}.Debug|ARM64.Build.0 = Debug|Any CPU
		{5FF9C935-C410-493D-84EE-A7B5F7E87E33}.Debug|x64.ActiveCfg = Debug|Any CPU
		{5FF9C935-C410-493D-84EE-A7B5F7E87E33}.Debug|x64.Build.0 = Debug|Any CPU
		{5FF9C935-C410-493D-84EE-A7B5F7E87E33}.Debug|x86.ActiveCfg = Debug|Any CPU
		{5FF9C935-C410-493D-84EE-A7B5F7E87E33}.Debug|x86.Build.0 = Debug|Any CPU
		{5FF9C935-C410-493D-84EE-A7B5F7E87E33}.Release|Any CPU.ActiveCfg = Release|Any CPU
		{5FF9C935-C410-493D-84EE-A7B5F7E87E33}.Release|Any CPU.Build.0 = Release|Any CPU
		{5FF9C935-C410-493D-84EE-A7B5F7E87E33}.Release|ARM.ActiveCfg = Release|Any CPU
		{5FF9C935-C410-493D-84EE-A7B5F7E87E33}.Release|ARM.Build.0 = Release|Any CPU
		{5FF9C935-C410-493D-84EE-A7B5F7E87E33}.Release|ARM64.ActiveCfg = Release|Any CPU
		{5FF9C935-C410-493D-84EE-A7B5F7E87E33}.Release|ARM64.Build.0 = Release|Any CPU
		{5FF9C935-C410-493D-84EE-A7B5F7E87E33}.Release|x64.ActiveCfg = Release|Any CPU
		{5FF9C935-C410-493D-84EE-A7B5F7E87E33}.Release|x64.Build.0 = Release|Any CPU
		{5FF9C935-C410-493D-84EE-A7B5F7E87E33}.Release|x86.ActiveCfg = Release|Any CPU
		{5FF9C935-C410-493D-84EE-A7B5F7E87E33}.Release|x86.Build.0 = Release|Any CPU
		{385CF2FD-218D-43B7-B843-61C17EF6B1F9}.Debug|Any CPU.ActiveCfg = Debug|Any CPU
		{385CF2FD-218D-43B7-B843-61C17EF6B1F9}.Debug|Any CPU.Build.0 = Debug|Any CPU
		{385CF2FD-218D-43B7-B843-61C17EF6B1F9}.Debug|ARM.ActiveCfg = Debug|Any CPU
		{385CF2FD-218D-43B7-B843-61C17EF6B1F9}.Debug|ARM.Build.0 = Debug|Any CPU
		{385CF2FD-218D-43B7-B843-61C17EF6B1F9}.Debug|ARM64.ActiveCfg = Debug|Any CPU
		{385CF2FD-218D-43B7-B843-61C17EF6B1F9}.Debug|ARM64.Build.0 = Debug|Any CPU
		{385CF2FD-218D-43B7-B843-61C17EF6B1F9}.Debug|x64.ActiveCfg = Debug|Any CPU
		{385CF2FD-218D-43B7-B843-61C17EF6B1F9}.Debug|x64.Build.0 = Debug|Any CPU
		{385CF2FD-218D-43B7-B843-61C17EF6B1F9}.Debug|x86.ActiveCfg = Debug|Any CPU
		{385CF2FD-218D-43B7-B843-61C17EF6B1F9}.Debug|x86.Build.0 = Debug|Any CPU
		{385CF2FD-218D-43B7-B843-61C17EF6B1F9}.Release|Any CPU.ActiveCfg = Release|Any CPU
		{385CF2FD-218D-43B7-B843-61C17EF6B1F9}.Release|Any CPU.Build.0 = Release|Any CPU
		{385CF2FD-218D-43B7-B843-61C17EF6B1F9}.Release|ARM.ActiveCfg = Release|Any CPU
		{385CF2FD-218D-43B7-B843-61C17EF6B1F9}.Release|ARM.Build.0 = Release|Any CPU
		{385CF2FD-218D-43B7-B843-61C17EF6B1F9}.Release|ARM64.ActiveCfg = Release|Any CPU
		{385CF2FD-218D-43B7-B843-61C17EF6B1F9}.Release|ARM64.Build.0 = Release|Any CPU
		{385CF2FD-218D-43B7-B843-61C17EF6B1F9}.Release|x64.ActiveCfg = Release|Any CPU
		{385CF2FD-218D-43B7-B843-61C17EF6B1F9}.Release|x64.Build.0 = Release|Any CPU
		{385CF2FD-218D-43B7-B843-61C17EF6B1F9}.Release|x86.ActiveCfg = Release|Any CPU
		{385CF2FD-218D-43B7-B843-61C17EF6B1F9}.Release|x86.Build.0 = Release|Any CPU
		{E0CA1696-7B14-4CCF-9DC5-FEB2D175D4C5}.Debug|Any CPU.ActiveCfg = Debug|Any CPU
		{E0CA1696-7B14-4CCF-9DC5-FEB2D175D4C5}.Debug|Any CPU.Build.0 = Debug|Any CPU
		{E0CA1696-7B14-4CCF-9DC5-FEB2D175D4C5}.Debug|ARM.ActiveCfg = Debug|Any CPU
		{E0CA1696-7B14-4CCF-9DC5-FEB2D175D4C5}.Debug|ARM.Build.0 = Debug|Any CPU
		{E0CA1696-7B14-4CCF-9DC5-FEB2D175D4C5}.Debug|ARM64.ActiveCfg = Debug|Any CPU
		{E0CA1696-7B14-4CCF-9DC5-FEB2D175D4C5}.Debug|ARM64.Build.0 = Debug|Any CPU
		{E0CA1696-7B14-4CCF-9DC5-FEB2D175D4C5}.Debug|x64.ActiveCfg = Debug|Any CPU
		{E0CA1696-7B14-4CCF-9DC5-FEB2D175D4C5}.Debug|x64.Build.0 = Debug|Any CPU
		{E0CA1696-7B14-4CCF-9DC5-FEB2D175D4C5}.Debug|x86.ActiveCfg = Debug|Any CPU
		{E0CA1696-7B14-4CCF-9DC5-FEB2D175D4C5}.Debug|x86.Build.0 = Debug|Any CPU
		{E0CA1696-7B14-4CCF-9DC5-FEB2D175D4C5}.Release|Any CPU.ActiveCfg = Release|Any CPU
		{E0CA1696-7B14-4CCF-9DC5-FEB2D175D4C5}.Release|Any CPU.Build.0 = Release|Any CPU
		{E0CA1696-7B14-4CCF-9DC5-FEB2D175D4C5}.Release|ARM.ActiveCfg = Release|Any CPU
		{E0CA1696-7B14-4CCF-9DC5-FEB2D175D4C5}.Release|ARM.Build.0 = Release|Any CPU
		{E0CA1696-7B14-4CCF-9DC5-FEB2D175D4C5}.Release|ARM64.ActiveCfg = Release|Any CPU
		{E0CA1696-7B14-4CCF-9DC5-FEB2D175D4C5}.Release|ARM64.Build.0 = Release|Any CPU
		{E0CA1696-7B14-4CCF-9DC5-FEB2D175D4C5}.Release|x64.ActiveCfg = Release|Any CPU
		{E0CA1696-7B14-4CCF-9DC5-FEB2D175D4C5}.Release|x64.Build.0 = Release|Any CPU
		{E0CA1696-7B14-4CCF-9DC5-FEB2D175D4C5}.Release|x86.ActiveCfg = Release|Any CPU
		{E0CA1696-7B14-4CCF-9DC5-FEB2D175D4C5}.Release|x86.Build.0 = Release|Any CPU
		{B34232B5-BE76-4A54-BB85-8F34180453E9}.Debug|Any CPU.ActiveCfg = Debug|Any CPU
		{B34232B5-BE76-4A54-BB85-8F34180453E9}.Debug|Any CPU.Build.0 = Debug|Any CPU
		{B34232B5-BE76-4A54-BB85-8F34180453E9}.Debug|ARM.ActiveCfg = Debug|Any CPU
		{B34232B5-BE76-4A54-BB85-8F34180453E9}.Debug|ARM.Build.0 = Debug|Any CPU
		{B34232B5-BE76-4A54-BB85-8F34180453E9}.Debug|ARM64.ActiveCfg = Debug|Any CPU
		{B34232B5-BE76-4A54-BB85-8F34180453E9}.Debug|ARM64.Build.0 = Debug|Any CPU
		{B34232B5-BE76-4A54-BB85-8F34180453E9}.Debug|x64.ActiveCfg = Debug|Any CPU
		{B34232B5-BE76-4A54-BB85-8F34180453E9}.Debug|x64.Build.0 = Debug|Any CPU
		{B34232B5-BE76-4A54-BB85-8F34180453E9}.Debug|x86.ActiveCfg = Debug|Any CPU
		{B34232B5-BE76-4A54-BB85-8F34180453E9}.Debug|x86.Build.0 = Debug|Any CPU
		{B34232B5-BE76-4A54-BB85-8F34180453E9}.Release|Any CPU.ActiveCfg = Release|Any CPU
		{B34232B5-BE76-4A54-BB85-8F34180453E9}.Release|Any CPU.Build.0 = Release|Any CPU
		{B34232B5-BE76-4A54-BB85-8F34180453E9}.Release|ARM.ActiveCfg = Release|Any CPU
		{B34232B5-BE76-4A54-BB85-8F34180453E9}.Release|ARM.Build.0 = Release|Any CPU
		{B34232B5-BE76-4A54-BB85-8F34180453E9}.Release|ARM64.ActiveCfg = Release|Any CPU
		{B34232B5-BE76-4A54-BB85-8F34180453E9}.Release|ARM64.Build.0 = Release|Any CPU
		{B34232B5-BE76-4A54-BB85-8F34180453E9}.Release|x64.ActiveCfg = Release|Any CPU
		{B34232B5-BE76-4A54-BB85-8F34180453E9}.Release|x64.Build.0 = Release|Any CPU
		{B34232B5-BE76-4A54-BB85-8F34180453E9}.Release|x86.ActiveCfg = Release|Any CPU
		{B34232B5-BE76-4A54-BB85-8F34180453E9}.Release|x86.Build.0 = Release|Any CPU
		{6D4B708F-AAC9-4F5F-8E7C-AA328468A9DE}.Debug|Any CPU.ActiveCfg = Debug|Any CPU
		{6D4B708F-AAC9-4F5F-8E7C-AA328468A9DE}.Debug|Any CPU.Build.0 = Debug|Any CPU
		{6D4B708F-AAC9-4F5F-8E7C-AA328468A9DE}.Debug|ARM.ActiveCfg = Debug|Any CPU
		{6D4B708F-AAC9-4F5F-8E7C-AA328468A9DE}.Debug|ARM.Build.0 = Debug|Any CPU
		{6D4B708F-AAC9-4F5F-8E7C-AA328468A9DE}.Debug|ARM64.ActiveCfg = Debug|Any CPU
		{6D4B708F-AAC9-4F5F-8E7C-AA328468A9DE}.Debug|ARM64.Build.0 = Debug|Any CPU
		{6D4B708F-AAC9-4F5F-8E7C-AA328468A9DE}.Debug|x64.ActiveCfg = Debug|Any CPU
		{6D4B708F-AAC9-4F5F-8E7C-AA328468A9DE}.Debug|x64.Build.0 = Debug|Any CPU
		{6D4B708F-AAC9-4F5F-8E7C-AA328468A9DE}.Debug|x86.ActiveCfg = Debug|Any CPU
		{6D4B708F-AAC9-4F5F-8E7C-AA328468A9DE}.Debug|x86.Build.0 = Debug|Any CPU
		{6D4B708F-AAC9-4F5F-8E7C-AA328468A9DE}.Release|Any CPU.ActiveCfg = Release|Any CPU
		{6D4B708F-AAC9-4F5F-8E7C-AA328468A9DE}.Release|Any CPU.Build.0 = Release|Any CPU
		{6D4B708F-AAC9-4F5F-8E7C-AA328468A9DE}.Release|ARM.ActiveCfg = Release|Any CPU
		{6D4B708F-AAC9-4F5F-8E7C-AA328468A9DE}.Release|ARM.Build.0 = Release|Any CPU
		{6D4B708F-AAC9-4F5F-8E7C-AA328468A9DE}.Release|ARM64.ActiveCfg = Release|Any CPU
		{6D4B708F-AAC9-4F5F-8E7C-AA328468A9DE}.Release|ARM64.Build.0 = Release|Any CPU
		{6D4B708F-AAC9-4F5F-8E7C-AA328468A9DE}.Release|x64.ActiveCfg = Release|Any CPU
		{6D4B708F-AAC9-4F5F-8E7C-AA328468A9DE}.Release|x64.Build.0 = Release|Any CPU
		{6D4B708F-AAC9-4F5F-8E7C-AA328468A9DE}.Release|x86.ActiveCfg = Release|Any CPU
		{6D4B708F-AAC9-4F5F-8E7C-AA328468A9DE}.Release|x86.Build.0 = Release|Any CPU
		{EEF8B516-D744-49FC-896B-90EB4C7A917D}.Debug|Any CPU.ActiveCfg = Debug|Any CPU
		{EEF8B516-D744-49FC-896B-90EB4C7A917D}.Debug|Any CPU.Build.0 = Debug|Any CPU
		{EEF8B516-D744-49FC-896B-90EB4C7A917D}.Debug|ARM.ActiveCfg = Debug|Any CPU
		{EEF8B516-D744-49FC-896B-90EB4C7A917D}.Debug|ARM.Build.0 = Debug|Any CPU
		{EEF8B516-D744-49FC-896B-90EB4C7A917D}.Debug|ARM64.ActiveCfg = Debug|Any CPU
		{EEF8B516-D744-49FC-896B-90EB4C7A917D}.Debug|ARM64.Build.0 = Debug|Any CPU
		{EEF8B516-D744-49FC-896B-90EB4C7A917D}.Debug|x64.ActiveCfg = Debug|Any CPU
		{EEF8B516-D744-49FC-896B-90EB4C7A917D}.Debug|x64.Build.0 = Debug|Any CPU
		{EEF8B516-D744-49FC-896B-90EB4C7A917D}.Debug|x86.ActiveCfg = Debug|Any CPU
		{EEF8B516-D744-49FC-896B-90EB4C7A917D}.Debug|x86.Build.0 = Debug|Any CPU
		{EEF8B516-D744-49FC-896B-90EB4C7A917D}.Release|Any CPU.ActiveCfg = Release|Any CPU
		{EEF8B516-D744-49FC-896B-90EB4C7A917D}.Release|Any CPU.Build.0 = Release|Any CPU
		{EEF8B516-D744-49FC-896B-90EB4C7A917D}.Release|ARM.ActiveCfg = Release|Any CPU
		{EEF8B516-D744-49FC-896B-90EB4C7A917D}.Release|ARM.Build.0 = Release|Any CPU
		{EEF8B516-D744-49FC-896B-90EB4C7A917D}.Release|ARM64.ActiveCfg = Release|Any CPU
		{EEF8B516-D744-49FC-896B-90EB4C7A917D}.Release|ARM64.Build.0 = Release|Any CPU
		{EEF8B516-D744-49FC-896B-90EB4C7A917D}.Release|x64.ActiveCfg = Release|Any CPU
		{EEF8B516-D744-49FC-896B-90EB4C7A917D}.Release|x64.Build.0 = Release|Any CPU
		{EEF8B516-D744-49FC-896B-90EB4C7A917D}.Release|x86.ActiveCfg = Release|Any CPU
		{EEF8B516-D744-49FC-896B-90EB4C7A917D}.Release|x86.Build.0 = Release|Any CPU
		{49F20103-9CA9-4D55-86E1-9462C98283CA}.Debug|Any CPU.ActiveCfg = Debug|Any CPU
		{49F20103-9CA9-4D55-86E1-9462C98283CA}.Debug|Any CPU.Build.0 = Debug|Any CPU
		{49F20103-9CA9-4D55-86E1-9462C98283CA}.Debug|ARM.ActiveCfg = Debug|Any CPU
		{49F20103-9CA9-4D55-86E1-9462C98283CA}.Debug|ARM.Build.0 = Debug|Any CPU
		{49F20103-9CA9-4D55-86E1-9462C98283CA}.Debug|ARM64.ActiveCfg = Debug|Any CPU
		{49F20103-9CA9-4D55-86E1-9462C98283CA}.Debug|ARM64.Build.0 = Debug|Any CPU
		{49F20103-9CA9-4D55-86E1-9462C98283CA}.Debug|x64.ActiveCfg = Debug|Any CPU
		{49F20103-9CA9-4D55-86E1-9462C98283CA}.Debug|x64.Build.0 = Debug|Any CPU
		{49F20103-9CA9-4D55-86E1-9462C98283CA}.Debug|x86.ActiveCfg = Debug|Any CPU
		{49F20103-9CA9-4D55-86E1-9462C98283CA}.Debug|x86.Build.0 = Debug|Any CPU
		{49F20103-9CA9-4D55-86E1-9462C98283CA}.Release|Any CPU.ActiveCfg = Release|Any CPU
		{49F20103-9CA9-4D55-86E1-9462C98283CA}.Release|Any CPU.Build.0 = Release|Any CPU
		{49F20103-9CA9-4D55-86E1-9462C98283CA}.Release|ARM.ActiveCfg = Release|Any CPU
		{49F20103-9CA9-4D55-86E1-9462C98283CA}.Release|ARM.Build.0 = Release|Any CPU
		{49F20103-9CA9-4D55-86E1-9462C98283CA}.Release|ARM64.ActiveCfg = Release|Any CPU
		{49F20103-9CA9-4D55-86E1-9462C98283CA}.Release|ARM64.Build.0 = Release|Any CPU
		{49F20103-9CA9-4D55-86E1-9462C98283CA}.Release|x64.ActiveCfg = Release|Any CPU
		{49F20103-9CA9-4D55-86E1-9462C98283CA}.Release|x64.Build.0 = Release|Any CPU
		{49F20103-9CA9-4D55-86E1-9462C98283CA}.Release|x86.ActiveCfg = Release|Any CPU
		{49F20103-9CA9-4D55-86E1-9462C98283CA}.Release|x86.Build.0 = Release|Any CPU
		{6C4116B0-222F-40FA-8A85-C34541789F34}.Debug|Any CPU.ActiveCfg = Debug|Any CPU
		{6C4116B0-222F-40FA-8A85-C34541789F34}.Debug|Any CPU.Build.0 = Debug|Any CPU
		{6C4116B0-222F-40FA-8A85-C34541789F34}.Debug|ARM.ActiveCfg = Debug|Any CPU
		{6C4116B0-222F-40FA-8A85-C34541789F34}.Debug|ARM.Build.0 = Debug|Any CPU
		{6C4116B0-222F-40FA-8A85-C34541789F34}.Debug|ARM64.ActiveCfg = Debug|Any CPU
		{6C4116B0-222F-40FA-8A85-C34541789F34}.Debug|ARM64.Build.0 = Debug|Any CPU
		{6C4116B0-222F-40FA-8A85-C34541789F34}.Debug|x64.ActiveCfg = Debug|Any CPU
		{6C4116B0-222F-40FA-8A85-C34541789F34}.Debug|x64.Build.0 = Debug|Any CPU
		{6C4116B0-222F-40FA-8A85-C34541789F34}.Debug|x86.ActiveCfg = Debug|Any CPU
		{6C4116B0-222F-40FA-8A85-C34541789F34}.Debug|x86.Build.0 = Debug|Any CPU
		{6C4116B0-222F-40FA-8A85-C34541789F34}.Release|Any CPU.ActiveCfg = Release|Any CPU
		{6C4116B0-222F-40FA-8A85-C34541789F34}.Release|Any CPU.Build.0 = Release|Any CPU
		{6C4116B0-222F-40FA-8A85-C34541789F34}.Release|ARM.ActiveCfg = Release|Any CPU
		{6C4116B0-222F-40FA-8A85-C34541789F34}.Release|ARM.Build.0 = Release|Any CPU
		{6C4116B0-222F-40FA-8A85-C34541789F34}.Release|ARM64.ActiveCfg = Release|Any CPU
		{6C4116B0-222F-40FA-8A85-C34541789F34}.Release|ARM64.Build.0 = Release|Any CPU
		{6C4116B0-222F-40FA-8A85-C34541789F34}.Release|x64.ActiveCfg = Release|Any CPU
		{6C4116B0-222F-40FA-8A85-C34541789F34}.Release|x64.Build.0 = Release|Any CPU
		{6C4116B0-222F-40FA-8A85-C34541789F34}.Release|x86.ActiveCfg = Release|Any CPU
		{6C4116B0-222F-40FA-8A85-C34541789F34}.Release|x86.Build.0 = Release|Any CPU
		{CF56DE1B-2027-41A3-A575-5389FBAC37E8}.Debug|Any CPU.ActiveCfg = Debug|Any CPU
		{CF56DE1B-2027-41A3-A575-5389FBAC37E8}.Debug|Any CPU.Build.0 = Debug|Any CPU
		{CF56DE1B-2027-41A3-A575-5389FBAC37E8}.Debug|ARM.ActiveCfg = Debug|Any CPU
		{CF56DE1B-2027-41A3-A575-5389FBAC37E8}.Debug|ARM.Build.0 = Debug|Any CPU
		{CF56DE1B-2027-41A3-A575-5389FBAC37E8}.Debug|ARM64.ActiveCfg = Debug|Any CPU
		{CF56DE1B-2027-41A3-A575-5389FBAC37E8}.Debug|ARM64.Build.0 = Debug|Any CPU
		{CF56DE1B-2027-41A3-A575-5389FBAC37E8}.Debug|x64.ActiveCfg = Debug|Any CPU
		{CF56DE1B-2027-41A3-A575-5389FBAC37E8}.Debug|x64.Build.0 = Debug|Any CPU
		{CF56DE1B-2027-41A3-A575-5389FBAC37E8}.Debug|x86.ActiveCfg = Debug|Any CPU
		{CF56DE1B-2027-41A3-A575-5389FBAC37E8}.Debug|x86.Build.0 = Debug|Any CPU
		{CF56DE1B-2027-41A3-A575-5389FBAC37E8}.Release|Any CPU.ActiveCfg = Release|Any CPU
		{CF56DE1B-2027-41A3-A575-5389FBAC37E8}.Release|Any CPU.Build.0 = Release|Any CPU
		{CF56DE1B-2027-41A3-A575-5389FBAC37E8}.Release|ARM.ActiveCfg = Release|Any CPU
		{CF56DE1B-2027-41A3-A575-5389FBAC37E8}.Release|ARM.Build.0 = Release|Any CPU
		{CF56DE1B-2027-41A3-A575-5389FBAC37E8}.Release|ARM64.ActiveCfg = Release|Any CPU
		{CF56DE1B-2027-41A3-A575-5389FBAC37E8}.Release|ARM64.Build.0 = Release|Any CPU
		{CF56DE1B-2027-41A3-A575-5389FBAC37E8}.Release|x64.ActiveCfg = Release|Any CPU
		{CF56DE1B-2027-41A3-A575-5389FBAC37E8}.Release|x64.Build.0 = Release|Any CPU
		{CF56DE1B-2027-41A3-A575-5389FBAC37E8}.Release|x86.ActiveCfg = Release|Any CPU
		{CF56DE1B-2027-41A3-A575-5389FBAC37E8}.Release|x86.Build.0 = Release|Any CPU
		{AA4498CA-3B78-44E2-AB08-4021FFC56E0B}.Debug|Any CPU.ActiveCfg = Debug|Any CPU
		{AA4498CA-3B78-44E2-AB08-4021FFC56E0B}.Debug|Any CPU.Build.0 = Debug|Any CPU
		{AA4498CA-3B78-44E2-AB08-4021FFC56E0B}.Debug|ARM.ActiveCfg = Debug|Any CPU
		{AA4498CA-3B78-44E2-AB08-4021FFC56E0B}.Debug|ARM.Build.0 = Debug|Any CPU
		{AA4498CA-3B78-44E2-AB08-4021FFC56E0B}.Debug|ARM64.ActiveCfg = Debug|Any CPU
		{AA4498CA-3B78-44E2-AB08-4021FFC56E0B}.Debug|ARM64.Build.0 = Debug|Any CPU
		{AA4498CA-3B78-44E2-AB08-4021FFC56E0B}.Debug|x64.ActiveCfg = Debug|Any CPU
		{AA4498CA-3B78-44E2-AB08-4021FFC56E0B}.Debug|x64.Build.0 = Debug|Any CPU
		{AA4498CA-3B78-44E2-AB08-4021FFC56E0B}.Debug|x86.ActiveCfg = Debug|Any CPU
		{AA4498CA-3B78-44E2-AB08-4021FFC56E0B}.Debug|x86.Build.0 = Debug|Any CPU
		{AA4498CA-3B78-44E2-AB08-4021FFC56E0B}.Release|Any CPU.ActiveCfg = Release|Any CPU
		{AA4498CA-3B78-44E2-AB08-4021FFC56E0B}.Release|Any CPU.Build.0 = Release|Any CPU
		{AA4498CA-3B78-44E2-AB08-4021FFC56E0B}.Release|ARM.ActiveCfg = Release|Any CPU
		{AA4498CA-3B78-44E2-AB08-4021FFC56E0B}.Release|ARM.Build.0 = Release|Any CPU
		{AA4498CA-3B78-44E2-AB08-4021FFC56E0B}.Release|ARM64.ActiveCfg = Release|Any CPU
		{AA4498CA-3B78-44E2-AB08-4021FFC56E0B}.Release|ARM64.Build.0 = Release|Any CPU
		{AA4498CA-3B78-44E2-AB08-4021FFC56E0B}.Release|x64.ActiveCfg = Release|Any CPU
		{AA4498CA-3B78-44E2-AB08-4021FFC56E0B}.Release|x64.Build.0 = Release|Any CPU
		{AA4498CA-3B78-44E2-AB08-4021FFC56E0B}.Release|x86.ActiveCfg = Release|Any CPU
		{AA4498CA-3B78-44E2-AB08-4021FFC56E0B}.Release|x86.Build.0 = Release|Any CPU
		{ADBB62B7-1896-45EC-8AE5-0FBAC819237C}.Debug|Any CPU.ActiveCfg = Debug|Any CPU
		{ADBB62B7-1896-45EC-8AE5-0FBAC819237C}.Debug|Any CPU.Build.0 = Debug|Any CPU
		{ADBB62B7-1896-45EC-8AE5-0FBAC819237C}.Debug|ARM.ActiveCfg = Debug|Any CPU
		{ADBB62B7-1896-45EC-8AE5-0FBAC819237C}.Debug|ARM.Build.0 = Debug|Any CPU
		{ADBB62B7-1896-45EC-8AE5-0FBAC819237C}.Debug|ARM64.ActiveCfg = Debug|Any CPU
		{ADBB62B7-1896-45EC-8AE5-0FBAC819237C}.Debug|ARM64.Build.0 = Debug|Any CPU
		{ADBB62B7-1896-45EC-8AE5-0FBAC819237C}.Debug|x64.ActiveCfg = Debug|Any CPU
		{ADBB62B7-1896-45EC-8AE5-0FBAC819237C}.Debug|x64.Build.0 = Debug|Any CPU
		{ADBB62B7-1896-45EC-8AE5-0FBAC819237C}.Debug|x86.ActiveCfg = Debug|Any CPU
		{ADBB62B7-1896-45EC-8AE5-0FBAC819237C}.Debug|x86.Build.0 = Debug|Any CPU
		{ADBB62B7-1896-45EC-8AE5-0FBAC819237C}.Release|Any CPU.ActiveCfg = Release|Any CPU
		{ADBB62B7-1896-45EC-8AE5-0FBAC819237C}.Release|Any CPU.Build.0 = Release|Any CPU
		{ADBB62B7-1896-45EC-8AE5-0FBAC819237C}.Release|ARM.ActiveCfg = Release|Any CPU
		{ADBB62B7-1896-45EC-8AE5-0FBAC819237C}.Release|ARM.Build.0 = Release|Any CPU
		{ADBB62B7-1896-45EC-8AE5-0FBAC819237C}.Release|ARM64.ActiveCfg = Release|Any CPU
		{ADBB62B7-1896-45EC-8AE5-0FBAC819237C}.Release|ARM64.Build.0 = Release|Any CPU
		{ADBB62B7-1896-45EC-8AE5-0FBAC819237C}.Release|x64.ActiveCfg = Release|Any CPU
		{ADBB62B7-1896-45EC-8AE5-0FBAC819237C}.Release|x64.Build.0 = Release|Any CPU
		{ADBB62B7-1896-45EC-8AE5-0FBAC819237C}.Release|x86.ActiveCfg = Release|Any CPU
		{ADBB62B7-1896-45EC-8AE5-0FBAC819237C}.Release|x86.Build.0 = Release|Any CPU
		{1D6593DC-2912-44CB-AF66-611CFBE877B2}.Debug|Any CPU.ActiveCfg = Debug|Any CPU
		{1D6593DC-2912-44CB-AF66-611CFBE877B2}.Debug|Any CPU.Build.0 = Debug|Any CPU
		{1D6593DC-2912-44CB-AF66-611CFBE877B2}.Debug|ARM.ActiveCfg = Debug|Any CPU
		{1D6593DC-2912-44CB-AF66-611CFBE877B2}.Debug|ARM.Build.0 = Debug|Any CPU
		{1D6593DC-2912-44CB-AF66-611CFBE877B2}.Debug|ARM64.ActiveCfg = Debug|Any CPU
		{1D6593DC-2912-44CB-AF66-611CFBE877B2}.Debug|ARM64.Build.0 = Debug|Any CPU
		{1D6593DC-2912-44CB-AF66-611CFBE877B2}.Debug|x64.ActiveCfg = Debug|Any CPU
		{1D6593DC-2912-44CB-AF66-611CFBE877B2}.Debug|x64.Build.0 = Debug|Any CPU
		{1D6593DC-2912-44CB-AF66-611CFBE877B2}.Debug|x86.ActiveCfg = Debug|Any CPU
		{1D6593DC-2912-44CB-AF66-611CFBE877B2}.Debug|x86.Build.0 = Debug|Any CPU
		{1D6593DC-2912-44CB-AF66-611CFBE877B2}.Release|Any CPU.ActiveCfg = Release|Any CPU
		{1D6593DC-2912-44CB-AF66-611CFBE877B2}.Release|Any CPU.Build.0 = Release|Any CPU
		{1D6593DC-2912-44CB-AF66-611CFBE877B2}.Release|ARM.ActiveCfg = Release|Any CPU
		{1D6593DC-2912-44CB-AF66-611CFBE877B2}.Release|ARM.Build.0 = Release|Any CPU
		{1D6593DC-2912-44CB-AF66-611CFBE877B2}.Release|ARM64.ActiveCfg = Release|Any CPU
		{1D6593DC-2912-44CB-AF66-611CFBE877B2}.Release|ARM64.Build.0 = Release|Any CPU
		{1D6593DC-2912-44CB-AF66-611CFBE877B2}.Release|x64.ActiveCfg = Release|Any CPU
		{1D6593DC-2912-44CB-AF66-611CFBE877B2}.Release|x64.Build.0 = Release|Any CPU
		{1D6593DC-2912-44CB-AF66-611CFBE877B2}.Release|x86.ActiveCfg = Release|Any CPU
		{1D6593DC-2912-44CB-AF66-611CFBE877B2}.Release|x86.Build.0 = Release|Any CPU
		{18608111-38A7-4998-BBA7-E4065133A6E8}.Debug|Any CPU.ActiveCfg = Debug|Any CPU
		{18608111-38A7-4998-BBA7-E4065133A6E8}.Debug|Any CPU.Build.0 = Debug|Any CPU
		{18608111-38A7-4998-BBA7-E4065133A6E8}.Debug|ARM.ActiveCfg = Debug|Any CPU
		{18608111-38A7-4998-BBA7-E4065133A6E8}.Debug|ARM.Build.0 = Debug|Any CPU
		{18608111-38A7-4998-BBA7-E4065133A6E8}.Debug|ARM64.ActiveCfg = Debug|Any CPU
		{18608111-38A7-4998-BBA7-E4065133A6E8}.Debug|ARM64.Build.0 = Debug|Any CPU
		{18608111-38A7-4998-BBA7-E4065133A6E8}.Debug|x64.ActiveCfg = Debug|Any CPU
		{18608111-38A7-4998-BBA7-E4065133A6E8}.Debug|x64.Build.0 = Debug|Any CPU
		{18608111-38A7-4998-BBA7-E4065133A6E8}.Debug|x86.ActiveCfg = Debug|Any CPU
		{18608111-38A7-4998-BBA7-E4065133A6E8}.Debug|x86.Build.0 = Debug|Any CPU
		{18608111-38A7-4998-BBA7-E4065133A6E8}.Release|Any CPU.ActiveCfg = Release|Any CPU
		{18608111-38A7-4998-BBA7-E4065133A6E8}.Release|Any CPU.Build.0 = Release|Any CPU
		{18608111-38A7-4998-BBA7-E4065133A6E8}.Release|ARM.ActiveCfg = Release|Any CPU
		{18608111-38A7-4998-BBA7-E4065133A6E8}.Release|ARM.Build.0 = Release|Any CPU
		{18608111-38A7-4998-BBA7-E4065133A6E8}.Release|ARM64.ActiveCfg = Release|Any CPU
		{18608111-38A7-4998-BBA7-E4065133A6E8}.Release|ARM64.Build.0 = Release|Any CPU
		{18608111-38A7-4998-BBA7-E4065133A6E8}.Release|x64.ActiveCfg = Release|Any CPU
		{18608111-38A7-4998-BBA7-E4065133A6E8}.Release|x64.Build.0 = Release|Any CPU
		{18608111-38A7-4998-BBA7-E4065133A6E8}.Release|x86.ActiveCfg = Release|Any CPU
		{18608111-38A7-4998-BBA7-E4065133A6E8}.Release|x86.Build.0 = Release|Any CPU
		{1002C7AC-714E-45F6-9324-ACD367994BED}.Debug|Any CPU.ActiveCfg = Debug|Any CPU
		{1002C7AC-714E-45F6-9324-ACD367994BED}.Debug|Any CPU.Build.0 = Debug|Any CPU
		{1002C7AC-714E-45F6-9324-ACD367994BED}.Debug|ARM.ActiveCfg = Debug|Any CPU
		{1002C7AC-714E-45F6-9324-ACD367994BED}.Debug|ARM.Build.0 = Debug|Any CPU
		{1002C7AC-714E-45F6-9324-ACD367994BED}.Debug|ARM64.ActiveCfg = Debug|Any CPU
		{1002C7AC-714E-45F6-9324-ACD367994BED}.Debug|ARM64.Build.0 = Debug|Any CPU
		{1002C7AC-714E-45F6-9324-ACD367994BED}.Debug|x64.ActiveCfg = Debug|Any CPU
		{1002C7AC-714E-45F6-9324-ACD367994BED}.Debug|x64.Build.0 = Debug|Any CPU
		{1002C7AC-714E-45F6-9324-ACD367994BED}.Debug|x86.ActiveCfg = Debug|Any CPU
		{1002C7AC-714E-45F6-9324-ACD367994BED}.Debug|x86.Build.0 = Debug|Any CPU
		{1002C7AC-714E-45F6-9324-ACD367994BED}.Release|Any CPU.ActiveCfg = Release|Any CPU
		{1002C7AC-714E-45F6-9324-ACD367994BED}.Release|Any CPU.Build.0 = Release|Any CPU
		{1002C7AC-714E-45F6-9324-ACD367994BED}.Release|ARM.ActiveCfg = Release|Any CPU
		{1002C7AC-714E-45F6-9324-ACD367994BED}.Release|ARM.Build.0 = Release|Any CPU
		{1002C7AC-714E-45F6-9324-ACD367994BED}.Release|ARM64.ActiveCfg = Release|Any CPU
		{1002C7AC-714E-45F6-9324-ACD367994BED}.Release|ARM64.Build.0 = Release|Any CPU
		{1002C7AC-714E-45F6-9324-ACD367994BED}.Release|x64.ActiveCfg = Release|Any CPU
		{1002C7AC-714E-45F6-9324-ACD367994BED}.Release|x64.Build.0 = Release|Any CPU
		{1002C7AC-714E-45F6-9324-ACD367994BED}.Release|x86.ActiveCfg = Release|Any CPU
		{1002C7AC-714E-45F6-9324-ACD367994BED}.Release|x86.Build.0 = Release|Any CPU
		{0CD79264-AB2C-4262-96BC-ACA712DA75E3}.Debug|Any CPU.ActiveCfg = Debug|Any CPU
		{0CD79264-AB2C-4262-96BC-ACA712DA75E3}.Debug|Any CPU.Build.0 = Debug|Any CPU
		{0CD79264-AB2C-4262-96BC-ACA712DA75E3}.Debug|ARM.ActiveCfg = Debug|Any CPU
		{0CD79264-AB2C-4262-96BC-ACA712DA75E3}.Debug|ARM.Build.0 = Debug|Any CPU
		{0CD79264-AB2C-4262-96BC-ACA712DA75E3}.Debug|ARM64.ActiveCfg = Debug|Any CPU
		{0CD79264-AB2C-4262-96BC-ACA712DA75E3}.Debug|ARM64.Build.0 = Debug|Any CPU
		{0CD79264-AB2C-4262-96BC-ACA712DA75E3}.Debug|x64.ActiveCfg = Debug|Any CPU
		{0CD79264-AB2C-4262-96BC-ACA712DA75E3}.Debug|x64.Build.0 = Debug|Any CPU
		{0CD79264-AB2C-4262-96BC-ACA712DA75E3}.Debug|x86.ActiveCfg = Debug|Any CPU
		{0CD79264-AB2C-4262-96BC-ACA712DA75E3}.Debug|x86.Build.0 = Debug|Any CPU
		{0CD79264-AB2C-4262-96BC-ACA712DA75E3}.Release|Any CPU.ActiveCfg = Release|Any CPU
		{0CD79264-AB2C-4262-96BC-ACA712DA75E3}.Release|Any CPU.Build.0 = Release|Any CPU
		{0CD79264-AB2C-4262-96BC-ACA712DA75E3}.Release|ARM.ActiveCfg = Release|Any CPU
		{0CD79264-AB2C-4262-96BC-ACA712DA75E3}.Release|ARM.Build.0 = Release|Any CPU
		{0CD79264-AB2C-4262-96BC-ACA712DA75E3}.Release|ARM64.ActiveCfg = Release|Any CPU
		{0CD79264-AB2C-4262-96BC-ACA712DA75E3}.Release|ARM64.Build.0 = Release|Any CPU
		{0CD79264-AB2C-4262-96BC-ACA712DA75E3}.Release|x64.ActiveCfg = Release|Any CPU
		{0CD79264-AB2C-4262-96BC-ACA712DA75E3}.Release|x64.Build.0 = Release|Any CPU
		{0CD79264-AB2C-4262-96BC-ACA712DA75E3}.Release|x86.ActiveCfg = Release|Any CPU
		{0CD79264-AB2C-4262-96BC-ACA712DA75E3}.Release|x86.Build.0 = Release|Any CPU
		{47B43906-8DAA-46A4-829F-E85B206CE64B}.Debug|Any CPU.ActiveCfg = Debug|Any CPU
		{47B43906-8DAA-46A4-829F-E85B206CE64B}.Debug|Any CPU.Build.0 = Debug|Any CPU
		{47B43906-8DAA-46A4-829F-E85B206CE64B}.Debug|ARM.ActiveCfg = Debug|Any CPU
		{47B43906-8DAA-46A4-829F-E85B206CE64B}.Debug|ARM.Build.0 = Debug|Any CPU
		{47B43906-8DAA-46A4-829F-E85B206CE64B}.Debug|ARM64.ActiveCfg = Debug|Any CPU
		{47B43906-8DAA-46A4-829F-E85B206CE64B}.Debug|ARM64.Build.0 = Debug|Any CPU
		{47B43906-8DAA-46A4-829F-E85B206CE64B}.Debug|x64.ActiveCfg = Debug|Any CPU
		{47B43906-8DAA-46A4-829F-E85B206CE64B}.Debug|x64.Build.0 = Debug|Any CPU
		{47B43906-8DAA-46A4-829F-E85B206CE64B}.Debug|x86.ActiveCfg = Debug|Any CPU
		{47B43906-8DAA-46A4-829F-E85B206CE64B}.Debug|x86.Build.0 = Debug|Any CPU
		{47B43906-8DAA-46A4-829F-E85B206CE64B}.Release|Any CPU.ActiveCfg = Release|Any CPU
		{47B43906-8DAA-46A4-829F-E85B206CE64B}.Release|Any CPU.Build.0 = Release|Any CPU
		{47B43906-8DAA-46A4-829F-E85B206CE64B}.Release|ARM.ActiveCfg = Release|Any CPU
		{47B43906-8DAA-46A4-829F-E85B206CE64B}.Release|ARM.Build.0 = Release|Any CPU
		{47B43906-8DAA-46A4-829F-E85B206CE64B}.Release|ARM64.ActiveCfg = Release|Any CPU
		{47B43906-8DAA-46A4-829F-E85B206CE64B}.Release|ARM64.Build.0 = Release|Any CPU
		{47B43906-8DAA-46A4-829F-E85B206CE64B}.Release|x64.ActiveCfg = Release|Any CPU
		{47B43906-8DAA-46A4-829F-E85B206CE64B}.Release|x64.Build.0 = Release|Any CPU
		{47B43906-8DAA-46A4-829F-E85B206CE64B}.Release|x86.ActiveCfg = Release|Any CPU
		{47B43906-8DAA-46A4-829F-E85B206CE64B}.Release|x86.Build.0 = Release|Any CPU
		{D4214241-5508-4F8B-87C3-F5A19721D091}.Debug|Any CPU.ActiveCfg = Debug|Any CPU
		{D4214241-5508-4F8B-87C3-F5A19721D091}.Debug|Any CPU.Build.0 = Debug|Any CPU
		{D4214241-5508-4F8B-87C3-F5A19721D091}.Debug|ARM.ActiveCfg = Debug|Any CPU
		{D4214241-5508-4F8B-87C3-F5A19721D091}.Debug|ARM.Build.0 = Debug|Any CPU
		{D4214241-5508-4F8B-87C3-F5A19721D091}.Debug|ARM64.ActiveCfg = Debug|Any CPU
		{D4214241-5508-4F8B-87C3-F5A19721D091}.Debug|ARM64.Build.0 = Debug|Any CPU
		{D4214241-5508-4F8B-87C3-F5A19721D091}.Debug|x64.ActiveCfg = Debug|Any CPU
		{D4214241-5508-4F8B-87C3-F5A19721D091}.Debug|x64.Build.0 = Debug|Any CPU
		{D4214241-5508-4F8B-87C3-F5A19721D091}.Debug|x86.ActiveCfg = Debug|Any CPU
		{D4214241-5508-4F8B-87C3-F5A19721D091}.Debug|x86.Build.0 = Debug|Any CPU
		{D4214241-5508-4F8B-87C3-F5A19721D091}.Release|Any CPU.ActiveCfg = Release|Any CPU
		{D4214241-5508-4F8B-87C3-F5A19721D091}.Release|Any CPU.Build.0 = Release|Any CPU
		{D4214241-5508-4F8B-87C3-F5A19721D091}.Release|ARM.ActiveCfg = Release|Any CPU
		{D4214241-5508-4F8B-87C3-F5A19721D091}.Release|ARM.Build.0 = Release|Any CPU
		{D4214241-5508-4F8B-87C3-F5A19721D091}.Release|ARM64.ActiveCfg = Release|Any CPU
		{D4214241-5508-4F8B-87C3-F5A19721D091}.Release|ARM64.Build.0 = Release|Any CPU
		{D4214241-5508-4F8B-87C3-F5A19721D091}.Release|x64.ActiveCfg = Release|Any CPU
		{D4214241-5508-4F8B-87C3-F5A19721D091}.Release|x64.Build.0 = Release|Any CPU
		{D4214241-5508-4F8B-87C3-F5A19721D091}.Release|x86.ActiveCfg = Release|Any CPU
		{D4214241-5508-4F8B-87C3-F5A19721D091}.Release|x86.Build.0 = Release|Any CPU
		{CA536BCD-DC3C-4C22-BEDF-0E63C780EE4A}.Debug|Any CPU.ActiveCfg = Debug|Any CPU
		{CA536BCD-DC3C-4C22-BEDF-0E63C780EE4A}.Debug|Any CPU.Build.0 = Debug|Any CPU
		{CA536BCD-DC3C-4C22-BEDF-0E63C780EE4A}.Debug|ARM.ActiveCfg = Debug|Any CPU
		{CA536BCD-DC3C-4C22-BEDF-0E63C780EE4A}.Debug|ARM.Build.0 = Debug|Any CPU
		{CA536BCD-DC3C-4C22-BEDF-0E63C780EE4A}.Debug|ARM64.ActiveCfg = Debug|Any CPU
		{CA536BCD-DC3C-4C22-BEDF-0E63C780EE4A}.Debug|ARM64.Build.0 = Debug|Any CPU
		{CA536BCD-DC3C-4C22-BEDF-0E63C780EE4A}.Debug|x64.ActiveCfg = Debug|Any CPU
		{CA536BCD-DC3C-4C22-BEDF-0E63C780EE4A}.Debug|x64.Build.0 = Debug|Any CPU
		{CA536BCD-DC3C-4C22-BEDF-0E63C780EE4A}.Debug|x86.ActiveCfg = Debug|Any CPU
		{CA536BCD-DC3C-4C22-BEDF-0E63C780EE4A}.Debug|x86.Build.0 = Debug|Any CPU
		{CA536BCD-DC3C-4C22-BEDF-0E63C780EE4A}.Release|Any CPU.ActiveCfg = Release|Any CPU
		{CA536BCD-DC3C-4C22-BEDF-0E63C780EE4A}.Release|Any CPU.Build.0 = Release|Any CPU
		{CA536BCD-DC3C-4C22-BEDF-0E63C780EE4A}.Release|ARM.ActiveCfg = Release|Any CPU
		{CA536BCD-DC3C-4C22-BEDF-0E63C780EE4A}.Release|ARM.Build.0 = Release|Any CPU
		{CA536BCD-DC3C-4C22-BEDF-0E63C780EE4A}.Release|ARM64.ActiveCfg = Release|Any CPU
		{CA536BCD-DC3C-4C22-BEDF-0E63C780EE4A}.Release|ARM64.Build.0 = Release|Any CPU
		{CA536BCD-DC3C-4C22-BEDF-0E63C780EE4A}.Release|x64.ActiveCfg = Release|Any CPU
		{CA536BCD-DC3C-4C22-BEDF-0E63C780EE4A}.Release|x64.Build.0 = Release|Any CPU
		{CA536BCD-DC3C-4C22-BEDF-0E63C780EE4A}.Release|x86.ActiveCfg = Release|Any CPU
		{CA536BCD-DC3C-4C22-BEDF-0E63C780EE4A}.Release|x86.Build.0 = Release|Any CPU
		{F216C3FA-7EA1-4740-8F18-39EF9367BDA2}.Debug|Any CPU.ActiveCfg = Debug|Any CPU
		{F216C3FA-7EA1-4740-8F18-39EF9367BDA2}.Debug|Any CPU.Build.0 = Debug|Any CPU
		{F216C3FA-7EA1-4740-8F18-39EF9367BDA2}.Debug|ARM.ActiveCfg = Debug|Any CPU
		{F216C3FA-7EA1-4740-8F18-39EF9367BDA2}.Debug|ARM.Build.0 = Debug|Any CPU
		{F216C3FA-7EA1-4740-8F18-39EF9367BDA2}.Debug|ARM64.ActiveCfg = Debug|Any CPU
		{F216C3FA-7EA1-4740-8F18-39EF9367BDA2}.Debug|ARM64.Build.0 = Debug|Any CPU
		{F216C3FA-7EA1-4740-8F18-39EF9367BDA2}.Debug|x64.ActiveCfg = Debug|Any CPU
		{F216C3FA-7EA1-4740-8F18-39EF9367BDA2}.Debug|x64.Build.0 = Debug|Any CPU
		{F216C3FA-7EA1-4740-8F18-39EF9367BDA2}.Debug|x86.ActiveCfg = Debug|Any CPU
		{F216C3FA-7EA1-4740-8F18-39EF9367BDA2}.Debug|x86.Build.0 = Debug|Any CPU
		{F216C3FA-7EA1-4740-8F18-39EF9367BDA2}.Release|Any CPU.ActiveCfg = Release|Any CPU
		{F216C3FA-7EA1-4740-8F18-39EF9367BDA2}.Release|Any CPU.Build.0 = Release|Any CPU
		{F216C3FA-7EA1-4740-8F18-39EF9367BDA2}.Release|ARM.ActiveCfg = Release|Any CPU
		{F216C3FA-7EA1-4740-8F18-39EF9367BDA2}.Release|ARM.Build.0 = Release|Any CPU
		{F216C3FA-7EA1-4740-8F18-39EF9367BDA2}.Release|ARM64.ActiveCfg = Release|Any CPU
		{F216C3FA-7EA1-4740-8F18-39EF9367BDA2}.Release|ARM64.Build.0 = Release|Any CPU
		{F216C3FA-7EA1-4740-8F18-39EF9367BDA2}.Release|x64.ActiveCfg = Release|Any CPU
		{F216C3FA-7EA1-4740-8F18-39EF9367BDA2}.Release|x64.Build.0 = Release|Any CPU
		{F216C3FA-7EA1-4740-8F18-39EF9367BDA2}.Release|x86.ActiveCfg = Release|Any CPU
		{F216C3FA-7EA1-4740-8F18-39EF9367BDA2}.Release|x86.Build.0 = Release|Any CPU
		{52ACC195-BF43-4ACD-95F7-7F5CF2A4D743}.Debug|Any CPU.ActiveCfg = Debug|Any CPU
		{52ACC195-BF43-4ACD-95F7-7F5CF2A4D743}.Debug|Any CPU.Build.0 = Debug|Any CPU
		{52ACC195-BF43-4ACD-95F7-7F5CF2A4D743}.Debug|ARM.ActiveCfg = Debug|Any CPU
		{52ACC195-BF43-4ACD-95F7-7F5CF2A4D743}.Debug|ARM.Build.0 = Debug|Any CPU
		{52ACC195-BF43-4ACD-95F7-7F5CF2A4D743}.Debug|ARM64.ActiveCfg = Debug|Any CPU
		{52ACC195-BF43-4ACD-95F7-7F5CF2A4D743}.Debug|ARM64.Build.0 = Debug|Any CPU
		{52ACC195-BF43-4ACD-95F7-7F5CF2A4D743}.Debug|x64.ActiveCfg = Debug|Any CPU
		{52ACC195-BF43-4ACD-95F7-7F5CF2A4D743}.Debug|x64.Build.0 = Debug|Any CPU
		{52ACC195-BF43-4ACD-95F7-7F5CF2A4D743}.Debug|x86.ActiveCfg = Debug|Any CPU
		{52ACC195-BF43-4ACD-95F7-7F5CF2A4D743}.Debug|x86.Build.0 = Debug|Any CPU
		{52ACC195-BF43-4ACD-95F7-7F5CF2A4D743}.Release|Any CPU.ActiveCfg = Release|Any CPU
		{52ACC195-BF43-4ACD-95F7-7F5CF2A4D743}.Release|Any CPU.Build.0 = Release|Any CPU
		{52ACC195-BF43-4ACD-95F7-7F5CF2A4D743}.Release|ARM.ActiveCfg = Release|Any CPU
		{52ACC195-BF43-4ACD-95F7-7F5CF2A4D743}.Release|ARM.Build.0 = Release|Any CPU
		{52ACC195-BF43-4ACD-95F7-7F5CF2A4D743}.Release|ARM64.ActiveCfg = Release|Any CPU
		{52ACC195-BF43-4ACD-95F7-7F5CF2A4D743}.Release|ARM64.Build.0 = Release|Any CPU
		{52ACC195-BF43-4ACD-95F7-7F5CF2A4D743}.Release|x64.ActiveCfg = Release|Any CPU
		{52ACC195-BF43-4ACD-95F7-7F5CF2A4D743}.Release|x64.Build.0 = Release|Any CPU
		{52ACC195-BF43-4ACD-95F7-7F5CF2A4D743}.Release|x86.ActiveCfg = Release|Any CPU
		{52ACC195-BF43-4ACD-95F7-7F5CF2A4D743}.Release|x86.Build.0 = Release|Any CPU
		{4CDCCD69-EBA0-4EFE-AB09-9A31ABB485F0}.Debug|Any CPU.ActiveCfg = Debug|Any CPU
		{4CDCCD69-EBA0-4EFE-AB09-9A31ABB485F0}.Debug|Any CPU.Build.0 = Debug|Any CPU
		{4CDCCD69-EBA0-4EFE-AB09-9A31ABB485F0}.Debug|ARM.ActiveCfg = Debug|Any CPU
		{4CDCCD69-EBA0-4EFE-AB09-9A31ABB485F0}.Debug|ARM.Build.0 = Debug|Any CPU
		{4CDCCD69-EBA0-4EFE-AB09-9A31ABB485F0}.Debug|ARM64.ActiveCfg = Debug|Any CPU
		{4CDCCD69-EBA0-4EFE-AB09-9A31ABB485F0}.Debug|ARM64.Build.0 = Debug|Any CPU
		{4CDCCD69-EBA0-4EFE-AB09-9A31ABB485F0}.Debug|x64.ActiveCfg = Debug|Any CPU
		{4CDCCD69-EBA0-4EFE-AB09-9A31ABB485F0}.Debug|x64.Build.0 = Debug|Any CPU
		{4CDCCD69-EBA0-4EFE-AB09-9A31ABB485F0}.Debug|x86.ActiveCfg = Debug|Any CPU
		{4CDCCD69-EBA0-4EFE-AB09-9A31ABB485F0}.Debug|x86.Build.0 = Debug|Any CPU
		{4CDCCD69-EBA0-4EFE-AB09-9A31ABB485F0}.Release|Any CPU.ActiveCfg = Release|Any CPU
		{4CDCCD69-EBA0-4EFE-AB09-9A31ABB485F0}.Release|Any CPU.Build.0 = Release|Any CPU
		{4CDCCD69-EBA0-4EFE-AB09-9A31ABB485F0}.Release|ARM.ActiveCfg = Release|Any CPU
		{4CDCCD69-EBA0-4EFE-AB09-9A31ABB485F0}.Release|ARM.Build.0 = Release|Any CPU
		{4CDCCD69-EBA0-4EFE-AB09-9A31ABB485F0}.Release|ARM64.ActiveCfg = Release|Any CPU
		{4CDCCD69-EBA0-4EFE-AB09-9A31ABB485F0}.Release|ARM64.Build.0 = Release|Any CPU
		{4CDCCD69-EBA0-4EFE-AB09-9A31ABB485F0}.Release|x64.ActiveCfg = Release|Any CPU
		{4CDCCD69-EBA0-4EFE-AB09-9A31ABB485F0}.Release|x64.Build.0 = Release|Any CPU
		{4CDCCD69-EBA0-4EFE-AB09-9A31ABB485F0}.Release|x86.ActiveCfg = Release|Any CPU
		{4CDCCD69-EBA0-4EFE-AB09-9A31ABB485F0}.Release|x86.Build.0 = Release|Any CPU
	EndGlobalSection
	GlobalSection(SolutionProperties) = preSolution
		HideSolutionNode = FALSE
	EndGlobalSection
	GlobalSection(ExtensibilityGlobals) = postSolution
		SolutionGuid = {26052C35-9742-4CCC-9BB6-AFA7F2A79240}
	EndGlobalSection
EndGlobal
