
Microsoft Visual Studio Solution File, Format Version 12.00
# Visual Studio 14
VisualStudioVersion = 14.0.25420.1
MinimumVisualStudioVersion = 10.0.40219.1
Project("{FAE04EC0-301F-11D3-BF4B-00C04F79EFBC}") = "Giraffe", "Giraffe\Giraffe.csproj", "{408C8454-D44F-421D-9632-F6550C6DD3C6}"
EndProject
Project("{FAE04EC0-301F-11D3-BF4B-00C04F79EFBC}") = "DataTypes", "DataTypes\DataTypes.csproj", "{682F6799-4967-4965-86C6-B186825A4E7C}"
EndProject
Project("{FAE04EC0-301F-11D3-BF4B-00C04F79EFBC}") = "StringTypes", "StringTypes\StringTypes.csproj", "{C05AB13E-ECE2-4A44-9482-8DC7484EB9D9}"
EndProject
Project("{FAE04EC0-301F-11D3-BF4B-00C04F79EFBC}") = "Numbers", "Numbers\Numbers.csproj", "{268FE792-5681-4F7B-A7B2-467B048ED2CC}"
EndProject
Project("{FAE04EC0-301F-11D3-BF4B-00C04F79EFBC}") = "UserInput", "UserInput\UserInput.csproj", "{EB1B34F1-7D63-4744-A86D-56ADD844906E}"
EndProject
Project("{FAE04EC0-301F-11D3-BF4B-00C04F79EFBC}") = "BasicCalculator", "BasicCalculator\BasicCalculator.csproj", "{3FBCA96F-2746-48A5-825C-9D54C2BDF79A}"
EndProject
Project("{FAE04EC0-301F-11D3-BF4B-00C04F79EFBC}") = "MadLib", "MadLib\MadLib.csproj", "{404FC088-68CB-4B67-AA53-9CD423E89F99}"
EndProject
Project("{FAE04EC0-301F-11D3-BF4B-00C04F79EFBC}") = "Arrays", "Arrays\Arrays.csproj", "{FF0B53B3-732B-4C60-BE62-6335278DC836}"
EndProject
Project("{FAE04EC0-301F-11D3-BF4B-00C04F79EFBC}") = "Methods", "Methods\Methods.csproj", "{8FA224AD-AA58-49A3-9A3D-D4D0FDF3F31E}"
EndProject
Project("{FAE04EC0-301F-11D3-BF4B-00C04F79EFBC}") = "Return Statements", "Return Statements\Return Statements.csproj", "{0353DC18-04A8-475C-82FA-4F1CC3B8465B}"
EndProject
Project("{FAE04EC0-301F-11D3-BF4B-00C04F79EFBC}") = "If Statements", "If Statements\If Statements.csproj", "{552F5395-CA09-406D-A1C2-AAC602E801D8}"
EndProject
Project("{FAE04EC0-301F-11D3-BF4B-00C04F79EFBC}") = "If Statements Continued", "If Statements Continued\If Statements Continued.csproj", "{43E10792-2CE3-4927-80E7-B1C2570ADDFE}"
EndProject
Project("{FAE04EC0-301F-11D3-BF4B-00C04F79EFBC}") = "If Statements Cont1", "If Statements Cont1\If Statements Cont1.csproj", "{55FD5DB6-DBC0-4F68-B63B-9D60E842978E}"
EndProject
Project("{FAE04EC0-301F-11D3-BF4B-00C04F79EFBC}") = "Building a Better Calculator", "Building a Better Calculator\Building a Better Calculator.csproj", "{4B86EB28-CBD2-4166-9C03-8AADF66A4042}"
EndProject
Project("{FAE04EC0-301F-11D3-BF4B-00C04F79EFBC}") = "Switch Statements", "Switch Statements\Switch Statements.csproj", "{F84322AD-F665-42CB-8A37-60E19866AA0B}"
EndProject
Project("{FAE04EC0-301F-11D3-BF4B-00C04F79EFBC}") = "While Loops", "While Loops\While Loops.csproj", "{47C827EC-1176-4384-B36B-FFE52D6423C3}"
EndProject
Project("{FAE04EC0-301F-11D3-BF4B-00C04F79EFBC}") = "Guessing Game", "Guessing Game\Guessing Game.csproj", "{110D06F7-4810-44C5-A7AB-D2573E2183A3}"
EndProject
Project("{FAE04EC0-301F-11D3-BF4B-00C04F79EFBC}") = "Do While Loop", "Do While Loop\Do While Loop.csproj", "{6ADDF81D-7665-4439-A91E-DA30E6C4F4A8}"
EndProject
Project("{FAE04EC0-301F-11D3-BF4B-00C04F79EFBC}") = "For Loops", "For Loops\For Loops.csproj", "{CFBCC50F-4CA3-43BF-B6A2-569A7A8E0201}"
EndProject
Project("{FAE04EC0-301F-11D3-BF4B-00C04F79EFBC}") = "For Loops Cont", "For Loops Cont\For Loops Cont.csproj", "{5FF9C935-C410-493D-84EE-A7B5F7E87E33}"
EndProject
Project("{FAE04EC0-301F-11D3-BF4B-00C04F79EFBC}") = "Building an Exponent Method", "Building an Exponent Method\Building an Exponent Method.csproj", "{385CF2FD-218D-43B7-B843-61C17EF6B1F9}"
EndProject
Project("{FAE04EC0-301F-11D3-BF4B-00C04F79EFBC}") = "2d Array", "2d Array\2d Array.csproj", "{E0CA1696-7B14-4CCF-9DC5-FEB2D175D4C5}"
EndProject
Project("{FAE04EC0-301F-11D3-BF4B-00C04F79EFBC}") = "Handle Exceptions", "Handle Exceptions\Handle Exceptions.csproj", "{B34232B5-BE76-4A54-BB85-8F34180453E9}"
EndProject
Project("{FAE04EC0-301F-11D3-BF4B-00C04F79EFBC}") = "Classes and Objects", "Classes and Objects\Classes and Objects.csproj", "{6D4B708F-AAC9-4F5F-8E7C-AA328468A9DE}"
EndProject
Project("{FAE04EC0-301F-11D3-BF4B-00C04F79EFBC}") = "Constructors", "Constructors\Constructors.csproj", "{EEF8B516-D744-49FC-896B-90EB4C7A917D}"
EndProject
Project("{FAE04EC0-301F-11D3-BF4B-00C04F79EFBC}") = "Object Methods", "Object Methods\Object Methods.csproj", "{49F20103-9CA9-4D55-86E1-9462C98283CA}"
EndProject
Project("{FAE04EC0-301F-11D3-BF4B-00C04F79EFBC}") = "Getters and Setters", "Getters and Setters\Getters and Setters.csproj", "{6C4116B0-222F-40FA-8A85-C34541789F34}"
EndProject
Global
	GlobalSection(SolutionConfigurationPlatforms) = preSolution
		Debug|Any CPU = Debug|Any CPU
		Release|Any CPU = Release|Any CPU
	EndGlobalSection
	GlobalSection(ProjectConfigurationPlatforms) = postSolution
		{408C8454-D44F-421D-9632-F6550C6DD3C6}.Debug|Any CPU.ActiveCfg = Debug|Any CPU
		{408C8454-D44F-421D-9632-F6550C6DD3C6}.Debug|Any CPU.Build.0 = Debug|Any CPU
		{408C8454-D44F-421D-9632-F6550C6DD3C6}.Release|Any CPU.ActiveCfg = Release|Any CPU
		{408C8454-D44F-421D-9632-F6550C6DD3C6}.Release|Any CPU.Build.0 = Release|Any CPU
		{682F6799-4967-4965-86C6-B186825A4E7C}.Debug|Any CPU.ActiveCfg = Debug|Any CPU
		{682F6799-4967-4965-86C6-B186825A4E7C}.Debug|Any CPU.Build.0 = Debug|Any CPU
		{682F6799-4967-4965-86C6-B186825A4E7C}.Release|Any CPU.ActiveCfg = Release|Any CPU
		{682F6799-4967-4965-86C6-B186825A4E7C}.Release|Any CPU.Build.0 = Release|Any CPU
		{C05AB13E-ECE2-4A44-9482-8DC7484EB9D9}.Debug|Any CPU.ActiveCfg = Debug|Any CPU
		{C05AB13E-ECE2-4A44-9482-8DC7484EB9D9}.Debug|Any CPU.Build.0 = Debug|Any CPU
		{C05AB13E-ECE2-4A44-9482-8DC7484EB9D9}.Release|Any CPU.ActiveCfg = Release|Any CPU
		{C05AB13E-ECE2-4A44-9482-8DC7484EB9D9}.Release|Any CPU.Build.0 = Release|Any CPU
		{268FE792-5681-4F7B-A7B2-467B048ED2CC}.Debug|Any CPU.ActiveCfg = Debug|Any CPU
		{268FE792-5681-4F7B-A7B2-467B048ED2CC}.Debug|Any CPU.Build.0 = Debug|Any CPU
		{268FE792-5681-4F7B-A7B2-467B048ED2CC}.Release|Any CPU.ActiveCfg = Release|Any CPU
		{268FE792-5681-4F7B-A7B2-467B048ED2CC}.Release|Any CPU.Build.0 = Release|Any CPU
		{EB1B34F1-7D63-4744-A86D-56ADD844906E}.Debug|Any CPU.ActiveCfg = Debug|Any CPU
		{EB1B34F1-7D63-4744-A86D-56ADD844906E}.Debug|Any CPU.Build.0 = Debug|Any CPU
		{EB1B34F1-7D63-4744-A86D-56ADD844906E}.Release|Any CPU.ActiveCfg = Release|Any CPU
		{EB1B34F1-7D63-4744-A86D-56ADD844906E}.Release|Any CPU.Build.0 = Release|Any CPU
		{3FBCA96F-2746-48A5-825C-9D54C2BDF79A}.Debug|Any CPU.ActiveCfg = Debug|Any CPU
		{3FBCA96F-2746-48A5-825C-9D54C2BDF79A}.Debug|Any CPU.Build.0 = Debug|Any CPU
		{3FBCA96F-2746-48A5-825C-9D54C2BDF79A}.Release|Any CPU.ActiveCfg = Release|Any CPU
		{3FBCA96F-2746-48A5-825C-9D54C2BDF79A}.Release|Any CPU.Build.0 = Release|Any CPU
		{404FC088-68CB-4B67-AA53-9CD423E89F99}.Debug|Any CPU.ActiveCfg = Debug|Any CPU
		{404FC088-68CB-4B67-AA53-9CD423E89F99}.Debug|Any CPU.Build.0 = Debug|Any CPU
		{404FC088-68CB-4B67-AA53-9CD423E89F99}.Release|Any CPU.ActiveCfg = Release|Any CPU
		{404FC088-68CB-4B67-AA53-9CD423E89F99}.Release|Any CPU.Build.0 = Release|Any CPU
		{FF0B53B3-732B-4C60-BE62-6335278DC836}.Debug|Any CPU.ActiveCfg = Debug|Any CPU
		{FF0B53B3-732B-4C60-BE62-6335278DC836}.Debug|Any CPU.Build.0 = Debug|Any CPU
		{FF0B53B3-732B-4C60-BE62-6335278DC836}.Release|Any CPU.ActiveCfg = Release|Any CPU
		{FF0B53B3-732B-4C60-BE62-6335278DC836}.Release|Any CPU.Build.0 = Release|Any CPU
		{8FA224AD-AA58-49A3-9A3D-D4D0FDF3F31E}.Debug|Any CPU.ActiveCfg = Debug|Any CPU
		{8FA224AD-AA58-49A3-9A3D-D4D0FDF3F31E}.Debug|Any CPU.Build.0 = Debug|Any CPU
		{8FA224AD-AA58-49A3-9A3D-D4D0FDF3F31E}.Release|Any CPU.ActiveCfg = Release|Any CPU
		{8FA224AD-AA58-49A3-9A3D-D4D0FDF3F31E}.Release|Any CPU.Build.0 = Release|Any CPU
		{0353DC18-04A8-475C-82FA-4F1CC3B8465B}.Debug|Any CPU.ActiveCfg = Debug|Any CPU
		{0353DC18-04A8-475C-82FA-4F1CC3B8465B}.Debug|Any CPU.Build.0 = Debug|Any CPU
		{0353DC18-04A8-475C-82FA-4F1CC3B8465B}.Release|Any CPU.ActiveCfg = Release|Any CPU
		{0353DC18-04A8-475C-82FA-4F1CC3B8465B}.Release|Any CPU.Build.0 = Release|Any CPU
		{552F5395-CA09-406D-A1C2-AAC602E801D8}.Debug|Any CPU.ActiveCfg = Debug|Any CPU
		{552F5395-CA09-406D-A1C2-AAC602E801D8}.Debug|Any CPU.Build.0 = Debug|Any CPU
		{552F5395-CA09-406D-A1C2-AAC602E801D8}.Release|Any CPU.ActiveCfg = Release|Any CPU
		{552F5395-CA09-406D-A1C2-AAC602E801D8}.Release|Any CPU.Build.0 = Release|Any CPU
		{43E10792-2CE3-4927-80E7-B1C2570ADDFE}.Debug|Any CPU.ActiveCfg = Debug|Any CPU
		{43E10792-2CE3-4927-80E7-B1C2570ADDFE}.Debug|Any CPU.Build.0 = Debug|Any CPU
		{43E10792-2CE3-4927-80E7-B1C2570ADDFE}.Release|Any CPU.ActiveCfg = Release|Any CPU
		{43E10792-2CE3-4927-80E7-B1C2570ADDFE}.Release|Any CPU.Build.0 = Release|Any CPU
		{55FD5DB6-DBC0-4F68-B63B-9D60E842978E}.Debug|Any CPU.ActiveCfg = Debug|Any CPU
		{55FD5DB6-DBC0-4F68-B63B-9D60E842978E}.Debug|Any CPU.Build.0 = Debug|Any CPU
		{55FD5DB6-DBC0-4F68-B63B-9D60E842978E}.Release|Any CPU.ActiveCfg = Release|Any CPU
		{55FD5DB6-DBC0-4F68-B63B-9D60E842978E}.Release|Any CPU.Build.0 = Release|Any CPU
		{4B86EB28-CBD2-4166-9C03-8AADF66A4042}.Debug|Any CPU.ActiveCfg = Debug|Any CPU
		{4B86EB28-CBD2-4166-9C03-8AADF66A4042}.Debug|Any CPU.Build.0 = Debug|Any CPU
		{4B86EB28-CBD2-4166-9C03-8AADF66A4042}.Release|Any CPU.ActiveCfg = Release|Any CPU
		{4B86EB28-CBD2-4166-9C03-8AADF66A4042}.Release|Any CPU.Build.0 = Release|Any CPU
		{F84322AD-F665-42CB-8A37-60E19866AA0B}.Debug|Any CPU.ActiveCfg = Debug|Any CPU
		{F84322AD-F665-42CB-8A37-60E19866AA0B}.Debug|Any CPU.Build.0 = Debug|Any CPU
		{F84322AD-F665-42CB-8A37-60E19866AA0B}.Release|Any CPU.ActiveCfg = Release|Any CPU
		{F84322AD-F665-42CB-8A37-60E19866AA0B}.Release|Any CPU.Build.0 = Release|Any CPU
		{47C827EC-1176-4384-B36B-FFE52D6423C3}.Debug|Any CPU.ActiveCfg = Debug|Any CPU
		{47C827EC-1176-4384-B36B-FFE52D6423C3}.Debug|Any CPU.Build.0 = Debug|Any CPU
		{47C827EC-1176-4384-B36B-FFE52D6423C3}.Release|Any CPU.ActiveCfg = Release|Any CPU
		{47C827EC-1176-4384-B36B-FFE52D6423C3}.Release|Any CPU.Build.0 = Release|Any CPU
		{110D06F7-4810-44C5-A7AB-D2573E2183A3}.Debug|Any CPU.ActiveCfg = Debug|Any CPU
		{110D06F7-4810-44C5-A7AB-D2573E2183A3}.Debug|Any CPU.Build.0 = Debug|Any CPU
		{110D06F7-4810-44C5-A7AB-D2573E2183A3}.Release|Any CPU.ActiveCfg = Release|Any CPU
		{110D06F7-4810-44C5-A7AB-D2573E2183A3}.Release|Any CPU.Build.0 = Release|Any CPU
		{6ADDF81D-7665-4439-A91E-DA30E6C4F4A8}.Debug|Any CPU.ActiveCfg = Debug|Any CPU
		{6ADDF81D-7665-4439-A91E-DA30E6C4F4A8}.Debug|Any CPU.Build.0 = Debug|Any CPU
		{6ADDF81D-7665-4439-A91E-DA30E6C4F4A8}.Release|Any CPU.ActiveCfg = Release|Any CPU
		{6ADDF81D-7665-4439-A91E-DA30E6C4F4A8}.Release|Any CPU.Build.0 = Release|Any CPU
		{CFBCC50F-4CA3-43BF-B6A2-569A7A8E0201}.Debug|Any CPU.ActiveCfg = Debug|Any CPU
		{CFBCC50F-4CA3-43BF-B6A2-569A7A8E0201}.Debug|Any CPU.Build.0 = Debug|Any CPU
		{CFBCC50F-4CA3-43BF-B6A2-569A7A8E0201}.Release|Any CPU.ActiveCfg = Release|Any CPU
		{CFBCC50F-4CA3-43BF-B6A2-569A7A8E0201}.Release|Any CPU.Build.0 = Release|Any CPU
		{5FF9C935-C410-493D-84EE-A7B5F7E87E33}.Debug|Any CPU.ActiveCfg = Debug|Any CPU
		{5FF9C935-C410-493D-84EE-A7B5F7E87E33}.Debug|Any CPU.Build.0 = Debug|Any CPU
		{5FF9C935-C410-493D-84EE-A7B5F7E87E33}.Release|Any CPU.ActiveCfg = Release|Any CPU
		{5FF9C935-C410-493D-84EE-A7B5F7E87E33}.Release|Any CPU.Build.0 = Release|Any CPU
		{385CF2FD-218D-43B7-B843-61C17EF6B1F9}.Debug|Any CPU.ActiveCfg = Debug|Any CPU
		{385CF2FD-218D-43B7-B843-61C17EF6B1F9}.Debug|Any CPU.Build.0 = Debug|Any CPU
		{385CF2FD-218D-43B7-B843-61C17EF6B1F9}.Release|Any CPU.ActiveCfg = Release|Any CPU
		{385CF2FD-218D-43B7-B843-61C17EF6B1F9}.Release|Any CPU.Build.0 = Release|Any CPU
		{E0CA1696-7B14-4CCF-9DC5-FEB2D175D4C5}.Debug|Any CPU.ActiveCfg = Debug|Any CPU
		{E0CA1696-7B14-4CCF-9DC5-FEB2D175D4C5}.Debug|Any CPU.Build.0 = Debug|Any CPU
		{E0CA1696-7B14-4CCF-9DC5-FEB2D175D4C5}.Release|Any CPU.ActiveCfg = Release|Any CPU
		{E0CA1696-7B14-4CCF-9DC5-FEB2D175D4C5}.Release|Any CPU.Build.0 = Release|Any CPU
		{B34232B5-BE76-4A54-BB85-8F34180453E9}.Debug|Any CPU.ActiveCfg = Debug|Any CPU
		{B34232B5-BE76-4A54-BB85-8F34180453E9}.Debug|Any CPU.Build.0 = Debug|Any CPU
		{B34232B5-BE76-4A54-BB85-8F34180453E9}.Release|Any CPU.ActiveCfg = Release|Any CPU
		{B34232B5-BE76-4A54-BB85-8F34180453E9}.Release|Any CPU.Build.0 = Release|Any CPU
		{6D4B708F-AAC9-4F5F-8E7C-AA328468A9DE}.Debug|Any CPU.ActiveCfg = Debug|Any CPU
		{6D4B708F-AAC9-4F5F-8E7C-AA328468A9DE}.Debug|Any CPU.Build.0 = Debug|Any CPU
		{6D4B708F-AAC9-4F5F-8E7C-AA328468A9DE}.Release|Any CPU.ActiveCfg = Release|Any CPU
		{6D4B708F-AAC9-4F5F-8E7C-AA328468A9DE}.Release|Any CPU.Build.0 = Release|Any CPU
		{EEF8B516-D744-49FC-896B-90EB4C7A917D}.Debug|Any CPU.ActiveCfg = Debug|Any CPU
		{EEF8B516-D744-49FC-896B-90EB4C7A917D}.Debug|Any CPU.Build.0 = Debug|Any CPU
		{EEF8B516-D744-49FC-896B-90EB4C7A917D}.Release|Any CPU.ActiveCfg = Release|Any CPU
		{EEF8B516-D744-49FC-896B-90EB4C7A917D}.Release|Any CPU.Build.0 = Release|Any CPU
		{49F20103-9CA9-4D55-86E1-9462C98283CA}.Debug|Any CPU.ActiveCfg = Debug|Any CPU
		{49F20103-9CA9-4D55-86E1-9462C98283CA}.Debug|Any CPU.Build.0 = Debug|Any CPU
		{49F20103-9CA9-4D55-86E1-9462C98283CA}.Release|Any CPU.ActiveCfg = Release|Any CPU
		{49F20103-9CA9-4D55-86E1-9462C98283CA}.Release|Any CPU.Build.0 = Release|Any CPU
		{6C4116B0-222F-40FA-8A85-C34541789F34}.Debug|Any CPU.ActiveCfg = Debug|Any CPU
		{6C4116B0-222F-40FA-8A85-C34541789F34}.Debug|Any CPU.Build.0 = Debug|Any CPU
		{6C4116B0-222F-40FA-8A85-C34541789F34}.Release|Any CPU.ActiveCfg = Release|Any CPU
		{6C4116B0-222F-40FA-8A85-C34541789F34}.Release|Any CPU.Build.0 = Release|Any CPU
	EndGlobalSection
	GlobalSection(SolutionProperties) = preSolution
		HideSolutionNode = FALSE
	EndGlobalSection
	GlobalSection(ExtensibilityGlobals) = postSolution
		SolutionGuid = {26052C35-9742-4CCC-9BB6-AFA7F2A79240}
	EndGlobalSection
EndGlobal
